// !$*UTF8*$!
{
	archiveVersion = 1;
	classes = {
	};
	objectVersion = 56;
	objects = {

/* Begin PBXBuildFile section */
		F009F96A2AA814B40062C286 /* DateModalViewController.swift in Sources */ = {isa = PBXBuildFile; fileRef = F009F9692AA814B40062C286 /* DateModalViewController.swift */; };
		F009F96E2AA85B600062C286 /* DrinkModalViewController.swift in Sources */ = {isa = PBXBuildFile; fileRef = F009F96D2AA85B600062C286 /* DrinkModalViewController.swift */; };
		F009F9722AA873930062C286 /* ModalTextButton.swift in Sources */ = {isa = PBXBuildFile; fileRef = F009F9712AA873930062C286 /* ModalTextButton.swift */; };
		F009F9762AA88E650062C286 /* TagViewController.swift in Sources */ = {isa = PBXBuildFile; fileRef = F009F9752AA88E650062C286 /* TagViewController.swift */; };
		F009F9782AA891610062C286 /* TagViewModel.swift in Sources */ = {isa = PBXBuildFile; fileRef = F009F9772AA891610062C286 /* TagViewModel.swift */; };
		F009F97A2AA897670062C286 /* TagTableViewCell.swift in Sources */ = {isa = PBXBuildFile; fileRef = F009F9792AA897660062C286 /* TagTableViewCell.swift */; };
		F009F97C2AA94F9E0062C286 /* NoteTableViewCell.swift in Sources */ = {isa = PBXBuildFile; fileRef = F009F97B2AA94F9E0062C286 /* NoteTableViewCell.swift */; };
		F009F9822AA962AE0062C286 /* MemoViewController.swift in Sources */ = {isa = PBXBuildFile; fileRef = F009F9812AA962AE0062C286 /* MemoViewController.swift */; };
		F00B4F4D2A29D21700D94FF2 /* RecordHeaderCollectionReusableView.swift in Sources */ = {isa = PBXBuildFile; fileRef = F00B4F4C2A29D21700D94FF2 /* RecordHeaderCollectionReusableView.swift */; };
		F00B4F4F2A29F31D00D94FF2 /* RecordEmptyView.swift in Sources */ = {isa = PBXBuildFile; fileRef = F00B4F4E2A29F31D00D94FF2 /* RecordEmptyView.swift */; };
		F00B4F512A2A00AB00D94FF2 /* TrackerGuidelineHeaderView.swift in Sources */ = {isa = PBXBuildFile; fileRef = F00B4F502A2A00AB00D94FF2 /* TrackerGuidelineHeaderView.swift */; };
		F00B4F552A2C5FE200D94FF2 /* AccountDeleteViewController.swift in Sources */ = {isa = PBXBuildFile; fileRef = F00B4F542A2C5FE200D94FF2 /* AccountDeleteViewController.swift */; };
		F00D78062A249C5800262B95 /* NickNameViewController.swift in Sources */ = {isa = PBXBuildFile; fileRef = F00D78052A249C5800262B95 /* NickNameViewController.swift */; };
		F010D1522A47CBCC00E4CD0E /* RecordLoadingView.swift in Sources */ = {isa = PBXBuildFile; fileRef = F010D1512A47CBCC00E4CD0E /* RecordLoadingView.swift */; };
		F0129FB82A124873008BF649 /* TrackerLoadingTableViewCell.swift in Sources */ = {isa = PBXBuildFile; fileRef = F0129FB72A124872008BF649 /* TrackerLoadingTableViewCell.swift */; };
		F01413672A1098F400A0DB99 /* GuidelineModel.swift in Sources */ = {isa = PBXBuildFile; fileRef = F01413662A1098F400A0DB99 /* GuidelineModel.swift */; };
		F014136D2A11023200A0DB99 /* TrackerGuidelineTableViewCell.swift in Sources */ = {isa = PBXBuildFile; fileRef = F014136C2A11023200A0DB99 /* TrackerGuidelineTableViewCell.swift */; };
		F014136F2A120ACE00A0DB99 /* SummaryModel.swift in Sources */ = {isa = PBXBuildFile; fileRef = F014136E2A120ACE00A0DB99 /* SummaryModel.swift */; };
		F01413732A120C3800A0DB99 /* TrackerRecordTableViewCell.swift in Sources */ = {isa = PBXBuildFile; fileRef = F01413722A120C3800A0DB99 /* TrackerRecordTableViewCell.swift */; };
		F028276B2A05FD1100213B94 /* CommitLoadingViewController.swift in Sources */ = {isa = PBXBuildFile; fileRef = F028276A2A05FD1100213B94 /* CommitLoadingViewController.swift */; };
		F028276D2A0615B300213B94 /* CommitNetworkManager.swift in Sources */ = {isa = PBXBuildFile; fileRef = F028276C2A0615B300213B94 /* CommitNetworkManager.swift */; };
		F02827712A073BCE00213B94 /* CommitModel.swift in Sources */ = {isa = PBXBuildFile; fileRef = F02827702A073BCD00213B94 /* CommitModel.swift */; };
		F02827732A075FF300213B94 /* CommitResultViewController.swift in Sources */ = {isa = PBXBuildFile; fileRef = F02827722A075FF300213B94 /* CommitResultViewController.swift */; };
		F0300A8F2A936263009F8AF8 /* AlertManager.swift in Sources */ = {isa = PBXBuildFile; fileRef = F0300A8E2A936263009F8AF8 /* AlertManager.swift */; };
		F03E39AC2A1399810042B491 /* TrackerTodayHeaderView.swift in Sources */ = {isa = PBXBuildFile; fileRef = F03E39AB2A1399810042B491 /* TrackerTodayHeaderView.swift */; };
		F03E39B02A13AB720042B491 /* CalendarViewController.swift in Sources */ = {isa = PBXBuildFile; fileRef = F03E39AF2A13AB720042B491 /* CalendarViewController.swift */; };
		F03E39B22A14FC790042B491 /* DocketViewController.swift in Sources */ = {isa = PBXBuildFile; fileRef = F03E39B12A14FC790042B491 /* DocketViewController.swift */; };
		F03E39B42A14FF350042B491 /* DocketView.swift in Sources */ = {isa = PBXBuildFile; fileRef = F03E39B32A14FF350042B491 /* DocketView.swift */; };
		F05011632A17666000AD0A49 /* CalendarCell.swift in Sources */ = {isa = PBXBuildFile; fileRef = F05011622A17666000AD0A49 /* CalendarCell.swift */; };
		F05011652A179D2600AD0A49 /* RecordListViewController.swift in Sources */ = {isa = PBXBuildFile; fileRef = F05011642A179D2600AD0A49 /* RecordListViewController.swift */; };
		F05011672A17AB5000AD0A49 /* RecordListCollectionViewCell.swift in Sources */ = {isa = PBXBuildFile; fileRef = F05011662A17AB5000AD0A49 /* RecordListCollectionViewCell.swift */; };
		F0745FF42A9373A100E85B02 /* Theme.swift in Sources */ = {isa = PBXBuildFile; fileRef = F0745FF32A9373A100E85B02 /* Theme.swift */; };
		F08FB2B62A9721ED00295A86 /* CustomButton.swift in Sources */ = {isa = PBXBuildFile; fileRef = F08FB2B52A9721ED00295A86 /* CustomButton.swift */; };
		F09E02C429FA955D0008C259 /* AuthData+CoreDataClass.swift in Sources */ = {isa = PBXBuildFile; fileRef = F09E02C229FA955D0008C259 /* AuthData+CoreDataClass.swift */; };
		F09E02C529FA955D0008C259 /* AuthData+CoreDataProperties.swift in Sources */ = {isa = PBXBuildFile; fileRef = F09E02C329FA955D0008C259 /* AuthData+CoreDataProperties.swift */; };
		F09E02C729FAA5D30008C259 /* GoogleService-Info.plist in Resources */ = {isa = PBXBuildFile; fileRef = F09E02C629FAA5D10008C259 /* GoogleService-Info.plist */; };
		F09E02DA29FB93080008C259 /* AppController.swift in Sources */ = {isa = PBXBuildFile; fileRef = F09E02D929FB93080008C259 /* AppController.swift */; };
		F09E02E229FCE39E0008C259 /* Constants.swift in Sources */ = {isa = PBXBuildFile; fileRef = F09E02E129FCE39E0008C259 /* Constants.swift */; };
		F09E02E429FCE3FC0008C259 /* AuthNetworkManager.swift in Sources */ = {isa = PBXBuildFile; fileRef = F09E02E329FCE3FC0008C259 /* AuthNetworkManager.swift */; };
		F09E02E629FCF42D0008C259 /* UserProfile.swift in Sources */ = {isa = PBXBuildFile; fileRef = F09E02E529FCF42D0008C259 /* UserProfile.swift */; };
		F09E02E929FD43F40008C259 /* GoogleSignIn in Frameworks */ = {isa = PBXBuildFile; productRef = F09E02E829FD43F40008C259 /* GoogleSignIn */; };
		F09E02EC29FE5AC10008C259 /* Common.swift in Sources */ = {isa = PBXBuildFile; fileRef = F09E02EB29FE5AC10008C259 /* Common.swift */; };
		F09E02F029FE924E0008C259 /* FirebaseAnalytics in Frameworks */ = {isa = PBXBuildFile; productRef = F09E02EF29FE924E0008C259 /* FirebaseAnalytics */; };
		F09E02F229FE924E0008C259 /* FirebaseAnalyticsSwift in Frameworks */ = {isa = PBXBuildFile; productRef = F09E02F129FE924E0008C259 /* FirebaseAnalyticsSwift */; };
		F09E02F429FE924F0008C259 /* FirebaseAnalyticsWithoutAdIdSupport in Frameworks */ = {isa = PBXBuildFile; productRef = F09E02F329FE924F0008C259 /* FirebaseAnalyticsWithoutAdIdSupport */; };
		F09E02F629FE924F0008C259 /* FirebaseAuth in Frameworks */ = {isa = PBXBuildFile; productRef = F09E02F529FE924F0008C259 /* FirebaseAuth */; };
		F09E02F829FE924F0008C259 /* FirebaseCrashlytics in Frameworks */ = {isa = PBXBuildFile; productRef = F09E02F729FE924F0008C259 /* FirebaseCrashlytics */; };
		F09E02FA29FE92500008C259 /* FirebaseDynamicLinks in Frameworks */ = {isa = PBXBuildFile; productRef = F09E02F929FE92500008C259 /* FirebaseDynamicLinks */; };
		F09E02FC29FE92500008C259 /* FirebaseFirestore in Frameworks */ = {isa = PBXBuildFile; productRef = F09E02FB29FE92500008C259 /* FirebaseFirestore */; };
		F09E02FE29FE92510008C259 /* FirebaseFirestoreSwift in Frameworks */ = {isa = PBXBuildFile; productRef = F09E02FD29FE92510008C259 /* FirebaseFirestoreSwift */; };
		F09E030029FE92510008C259 /* FirebaseInAppMessaging-Beta in Frameworks */ = {isa = PBXBuildFile; productRef = F09E02FF29FE92510008C259 /* FirebaseInAppMessaging-Beta */; };
		F09E030229FE92520008C259 /* FirebaseInAppMessagingSwift-Beta in Frameworks */ = {isa = PBXBuildFile; productRef = F09E030129FE92520008C259 /* FirebaseInAppMessagingSwift-Beta */; };
		F09E030429FE92520008C259 /* FirebaseMessaging in Frameworks */ = {isa = PBXBuildFile; productRef = F09E030329FE92520008C259 /* FirebaseMessaging */; };
		F09F60F129FF8B32004F2462 /* CommitMainView.swift in Sources */ = {isa = PBXBuildFile; fileRef = F09F60F029FF8B32004F2462 /* CommitMainView.swift */; };
		F09F60F32A0122D8004F2462 /* CommitCoffeeViewController.swift in Sources */ = {isa = PBXBuildFile; fileRef = F09F60F22A0122D8004F2462 /* CommitCoffeeViewController.swift */; };
		F09F60F52A012D6A004F2462 /* CommitCoffeeView.swift in Sources */ = {isa = PBXBuildFile; fileRef = F09F60F42A012D6A004F2462 /* CommitCoffeeView.swift */; };
		F09F60F72A027174004F2462 /* CommitCoffeeCollectionViewCell.swift in Sources */ = {isa = PBXBuildFile; fileRef = F09F60F62A027174004F2462 /* CommitCoffeeCollectionViewCell.swift */; };
		F09F60F92A0279B7004F2462 /* CoffeeModel.swift in Sources */ = {isa = PBXBuildFile; fileRef = F09F60F82A0279B7004F2462 /* CoffeeModel.swift */; };
		F09F60FB2A048D18004F2462 /* CommitMoodViewController.swift in Sources */ = {isa = PBXBuildFile; fileRef = F09F60FA2A048D18004F2462 /* CommitMoodViewController.swift */; };
		F09F60FD2A048D35004F2462 /* CommitMoodView.swift in Sources */ = {isa = PBXBuildFile; fileRef = F09F60FC2A048D35004F2462 /* CommitMoodView.swift */; };
		F09F60FF2A049090004F2462 /* MoodModel.swift in Sources */ = {isa = PBXBuildFile; fileRef = F09F60FE2A049090004F2462 /* MoodModel.swift */; };
		F09F61012A04994B004F2462 /* CommitMoodCollectionViewCell.swift in Sources */ = {isa = PBXBuildFile; fileRef = F09F61002A04994B004F2462 /* CommitMoodCollectionViewCell.swift */; };
		F09F61032A052403004F2462 /* CommitTagViewController.swift in Sources */ = {isa = PBXBuildFile; fileRef = F09F61022A052403004F2462 /* CommitTagViewController.swift */; };
		F09F61052A052428004F2462 /* CommitTagView.swift in Sources */ = {isa = PBXBuildFile; fileRef = F09F61042A052428004F2462 /* CommitTagView.swift */; };
		F09F61072A05269E004F2462 /* TagModel.swift in Sources */ = {isa = PBXBuildFile; fileRef = F09F61062A05269E004F2462 /* TagModel.swift */; };
		F09F61092A052979004F2462 /* CommitTagCollectionViewCell.swift in Sources */ = {isa = PBXBuildFile; fileRef = F09F61082A052978004F2462 /* CommitTagCollectionViewCell.swift */; };
		F0A1A13C29E15D86000F6277 /* SignUpViewController.swift in Sources */ = {isa = PBXBuildFile; fileRef = F0A1A13B29E15D86000F6277 /* SignUpViewController.swift */; };
		F0A1A13E29E15FBB000F6277 /* OnboardingViewController.swift in Sources */ = {isa = PBXBuildFile; fileRef = F0A1A13D29E15FBB000F6277 /* OnboardingViewController.swift */; };
		F0AA67E229ED388500B135CE /* FirstProfileCompleteView.swift in Sources */ = {isa = PBXBuildFile; fileRef = F0AA67E129ED388500B135CE /* FirstProfileCompleteView.swift */; };
		F0AA67E429ED38A000B135CE /* FirstProfileCompleteViewController.swift in Sources */ = {isa = PBXBuildFile; fileRef = F0AA67E329ED38A000B135CE /* FirstProfileCompleteViewController.swift */; };
		F0B15C3129E2892900E4F9BC /* Colors.swift in Sources */ = {isa = PBXBuildFile; fileRef = F0B15C3029E2892900E4F9BC /* Colors.swift */; };
		F0C600CA2AA6E70A009844B5 /* UpdateModel.swift in Sources */ = {isa = PBXBuildFile; fileRef = F0C600C92AA6E70A009844B5 /* UpdateModel.swift */; };
		F0C600CC2AA71653009844B5 /* UpdateTableViewCell.swift in Sources */ = {isa = PBXBuildFile; fileRef = F0C600CB2AA71653009844B5 /* UpdateTableViewCell.swift */; };
		F0C600CE2AA71ABC009844B5 /* UpdateViewController.swift in Sources */ = {isa = PBXBuildFile; fileRef = F0C600CD2AA71ABC009844B5 /* UpdateViewController.swift */; };
		F0CA4D3F2AAAFB9600E761FD /* MoodSelectViewController.swift in Sources */ = {isa = PBXBuildFile; fileRef = F0CA4D3E2AAAFB9600E761FD /* MoodSelectViewController.swift */; };
		F0CA4D412AAB0BF100E761FD /* MoodSelectCollectionViewCell.swift in Sources */ = {isa = PBXBuildFile; fileRef = F0CA4D402AAB0BF100E761FD /* MoodSelectCollectionViewCell.swift */; };
		F0CA4D442AAEF57000E761FD /* DrinkModalViewModel.swift in Sources */ = {isa = PBXBuildFile; fileRef = F0CA4D432AAEF57000E761FD /* DrinkModalViewModel.swift */; };
		F0CA4D472AAEF62E00E761FD /* CustomObservable.swift in Sources */ = {isa = PBXBuildFile; fileRef = F0CA4D462AAEF62E00E761FD /* CustomObservable.swift */; };
		F0CA4D4A2AAF010500E761FD /* Protocols.swift in Sources */ = {isa = PBXBuildFile; fileRef = F0CA4D492AAF010500E761FD /* Protocols.swift */; };
		F0CA4D4C2AAF24C100E761FD /* MoodViewModel.swift in Sources */ = {isa = PBXBuildFile; fileRef = F0CA4D4B2AAF24C100E761FD /* MoodViewModel.swift */; };
		F0CC3FDE29DEA47D00BD5B51 /* AppDelegate.swift in Sources */ = {isa = PBXBuildFile; fileRef = F0CC3FDD29DEA47D00BD5B51 /* AppDelegate.swift */; };
		F0CC3FE029DEA47D00BD5B51 /* SceneDelegate.swift in Sources */ = {isa = PBXBuildFile; fileRef = F0CC3FDF29DEA47D00BD5B51 /* SceneDelegate.swift */; };
		F0CC3FE229DEA47D00BD5B51 /* NetworkViewController.swift in Sources */ = {isa = PBXBuildFile; fileRef = F0CC3FE129DEA47D00BD5B51 /* NetworkViewController.swift */; };
		F0CC3FE529DEA47D00BD5B51 /* Main.storyboard in Resources */ = {isa = PBXBuildFile; fileRef = F0CC3FE329DEA47D00BD5B51 /* Main.storyboard */; };
		F0CC3FE829DEA47D00BD5B51 /* CoffeePensieve.xcdatamodeld in Sources */ = {isa = PBXBuildFile; fileRef = F0CC3FE629DEA47D00BD5B51 /* CoffeePensieve.xcdatamodeld */; };
		F0CC3FEA29DEA48000BD5B51 /* Assets.xcassets in Resources */ = {isa = PBXBuildFile; fileRef = F0CC3FE929DEA48000BD5B51 /* Assets.xcassets */; };
		F0CC3FED29DEA48000BD5B51 /* LaunchScreen.storyboard in Resources */ = {isa = PBXBuildFile; fileRef = F0CC3FEB29DEA48000BD5B51 /* LaunchScreen.storyboard */; };
		F0CC58522AA5D624009FA536 /* LocalNotification.swift in Sources */ = {isa = PBXBuildFile; fileRef = F0CC58512AA5D624009FA536 /* LocalNotification.swift */; };
		F0CC58572AA5FE16009FA536 /* UpdateViewModel.swift in Sources */ = {isa = PBXBuildFile; fileRef = F0CC58562AA5FE16009FA536 /* UpdateViewModel.swift */; };
		F0CC58592AA5FE42009FA536 /* UpdateView.swift in Sources */ = {isa = PBXBuildFile; fileRef = F0CC58582AA5FE41009FA536 /* UpdateView.swift */; };
		F0D645FB2A1CC89F00BEB4C8 /* ProfileMenuModel.swift in Sources */ = {isa = PBXBuildFile; fileRef = F0D645FA2A1CC89F00BEB4C8 /* ProfileMenuModel.swift */; };
		F0D645FD2A1CE56500BEB4C8 /* ProfileViewController.swift in Sources */ = {isa = PBXBuildFile; fileRef = F0D645FC2A1CE56500BEB4C8 /* ProfileViewController.swift */; };
		F0D645FF2A205BC100BEB4C8 /* ProfileTableViewCell.swift in Sources */ = {isa = PBXBuildFile; fileRef = F0D645FE2A205BC100BEB4C8 /* ProfileTableViewCell.swift */; };
		F0D646012A207F6100BEB4C8 /* PreferenceViewController.swift in Sources */ = {isa = PBXBuildFile; fileRef = F0D646002A207F6100BEB4C8 /* PreferenceViewController.swift */; };
		F0D646032A2087BB00BEB4C8 /* PreferenceTableViewCell.swift in Sources */ = {isa = PBXBuildFile; fileRef = F0D646022A2087BB00BEB4C8 /* PreferenceTableViewCell.swift */; };
		F0D646052A20CC2B00BEB4C8 /* PreferenceHeaderView.swift in Sources */ = {isa = PBXBuildFile; fileRef = F0D646042A20CC2B00BEB4C8 /* PreferenceHeaderView.swift */; };
		F0D646072A20CF9600BEB4C8 /* PreferenceModel.swift in Sources */ = {isa = PBXBuildFile; fileRef = F0D646062A20CF9600BEB4C8 /* PreferenceModel.swift */; };
		F0D646092A20D6C500BEB4C8 /* PreferenceTimeTableViewCell.swift in Sources */ = {isa = PBXBuildFile; fileRef = F0D646082A20D6C500BEB4C8 /* PreferenceTimeTableViewCell.swift */; };
		F0D6460B2A21C90000BEB4C8 /* PreferenceCupTableViewCell.swift in Sources */ = {isa = PBXBuildFile; fileRef = F0D6460A2A21C8FF00BEB4C8 /* PreferenceCupTableViewCell.swift */; };
		F0D6460D2A23251C00BEB4C8 /* CupModalViewController.swift in Sources */ = {isa = PBXBuildFile; fileRef = F0D6460C2A23251C00BEB4C8 /* CupModalViewController.swift */; };
		F0D6460F2A23256B00BEB4C8 /* TimeModalViewController.swift in Sources */ = {isa = PBXBuildFile; fileRef = F0D6460E2A23256B00BEB4C8 /* TimeModalViewController.swift */; };
		F0D646112A233E0A00BEB4C8 /* PreferenceView.swift in Sources */ = {isa = PBXBuildFile; fileRef = F0D646102A233E0A00BEB4C8 /* PreferenceView.swift */; };
		F0D6A1D429EE1B5700D8C9C8 /* WelcomeViewController.swift in Sources */ = {isa = PBXBuildFile; fileRef = F0D6A1D329EE1B5700D8C9C8 /* WelcomeViewController.swift */; };
		F0D6A1D629EE326800D8C9C8 /* CommitViewController.swift in Sources */ = {isa = PBXBuildFile; fileRef = F0D6A1D529EE326800D8C9C8 /* CommitViewController.swift */; };
		F0DF062B2A372E5B001016DF /* Extensions.swift in Sources */ = {isa = PBXBuildFile; fileRef = F0DF062A2A372E5B001016DF /* Extensions.swift */; };
		F0DF062D2A3878BE001016DF /* NetworkCheck.swift in Sources */ = {isa = PBXBuildFile; fileRef = F0DF062C2A3878BE001016DF /* NetworkCheck.swift */; };
		F0DF062F2A3AF608001016DF /* ViewController.swift in Sources */ = {isa = PBXBuildFile; fileRef = F0DF062E2A3AF607001016DF /* ViewController.swift */; };
		F0DF06322A3D831E001016DF /* SafariServices.framework in Frameworks */ = {isa = PBXBuildFile; fileRef = F0DF06312A3D831E001016DF /* SafariServices.framework */; };
		F0E660B82A2E0E9B00F5E812 /* TrackerRecordEmptyTableViewCell.swift in Sources */ = {isa = PBXBuildFile; fileRef = F0E660B72A2E0E9B00F5E812 /* TrackerRecordEmptyTableViewCell.swift */; };
		F0E9AB9F2A1B83E200591161 /* RankingModel.swift in Sources */ = {isa = PBXBuildFile; fileRef = F0E9AB9E2A1B83E200591161 /* RankingModel.swift */; };
		F0EC729C2A08E98A00DC24D0 /* CommitResultView.swift in Sources */ = {isa = PBXBuildFile; fileRef = F0EC729B2A08E98A00DC24D0 /* CommitResultView.swift */; };
		F0EC72C32A0E6A1A00DC24D0 /* TrackerViewController.swift in Sources */ = {isa = PBXBuildFile; fileRef = F0EC72C22A0E6A1A00DC24D0 /* TrackerViewController.swift */; };
		F0EC72C72A0F1A1900DC24D0 /* TrackerTodayTableViewCell.swift in Sources */ = {isa = PBXBuildFile; fileRef = F0EC72C62A0F1A1900DC24D0 /* TrackerTodayTableViewCell.swift */; };
		F0EC72C92A0F80E200DC24D0 /* TrackerNetworkManager.swift in Sources */ = {isa = PBXBuildFile; fileRef = F0EC72C82A0F80E200DC24D0 /* TrackerNetworkManager.swift */; };
		F0F6E49E29E1AC9B00C520CE /* StartPointViewController.swift in Sources */ = {isa = PBXBuildFile; fileRef = F0F6E49D29E1AC9B00C520CE /* StartPointViewController.swift */; };
		F0F8A88E29E8D89500838F35 /* AuthStartPointView.swift in Sources */ = {isa = PBXBuildFile; fileRef = F0F8A88D29E8D89500838F35 /* AuthStartPointView.swift */; };
		F0F8A89029E8DAE100838F35 /* OnboardingView.swift in Sources */ = {isa = PBXBuildFile; fileRef = F0F8A88F29E8DAE100838F35 /* OnboardingView.swift */; };
		F0F8A89229E8E3DE00838F35 /* SignUpView.swift in Sources */ = {isa = PBXBuildFile; fileRef = F0F8A89129E8E3DE00838F35 /* SignUpView.swift */; };
		F0F8A89629E9604D00838F35 /* SignInView.swift in Sources */ = {isa = PBXBuildFile; fileRef = F0F8A89529E9604D00838F35 /* SignInView.swift */; };
		F0F8A89829E9606500838F35 /* SignInViewController.swift in Sources */ = {isa = PBXBuildFile; fileRef = F0F8A89729E9606500838F35 /* SignInViewController.swift */; };
		F0F8A89A29E9951800838F35 /* ForgotPasswordViewController.swift in Sources */ = {isa = PBXBuildFile; fileRef = F0F8A89929E9951800838F35 /* ForgotPasswordViewController.swift */; };
		F0F8A89C29E9953D00838F35 /* ForgotPasswordView.swift in Sources */ = {isa = PBXBuildFile; fileRef = F0F8A89B29E9953D00838F35 /* ForgotPasswordView.swift */; };
		F0F8A8A629EB9CCE00838F35 /* FirstProfileGreetingViewController.swift in Sources */ = {isa = PBXBuildFile; fileRef = F0F8A8A529EB9CCE00838F35 /* FirstProfileGreetingViewController.swift */; };
		F0F8A8AA29EB9D6600838F35 /* FirstProfileGreetingView.swift in Sources */ = {isa = PBXBuildFile; fileRef = F0F8A8A929EB9D6600838F35 /* FirstProfileGreetingView.swift */; };
		F0F8A8AC29EBE62400838F35 /* FirstProfileRoutineViewController.swift in Sources */ = {isa = PBXBuildFile; fileRef = F0F8A8AB29EBE62400838F35 /* FirstProfileRoutineViewController.swift */; };
		F0F8A8AE29EBE64100838F35 /* FirstProfileRoutineView.swift in Sources */ = {isa = PBXBuildFile; fileRef = F0F8A8AD29EBE64000838F35 /* FirstProfileRoutineView.swift */; };
		F0FD3A792A32ADE10023B643 /* MonthlyRecordView.swift in Sources */ = {isa = PBXBuildFile; fileRef = F0FD3A782A32ADE10023B643 /* MonthlyRecordView.swift */; };
/* End PBXBuildFile section */

/* Begin PBXFileReference section */
		F009F9692AA814B40062C286 /* DateModalViewController.swift */ = {isa = PBXFileReference; lastKnownFileType = sourcecode.swift; path = DateModalViewController.swift; sourceTree = "<group>"; };
		F009F96D2AA85B600062C286 /* DrinkModalViewController.swift */ = {isa = PBXFileReference; lastKnownFileType = sourcecode.swift; path = DrinkModalViewController.swift; sourceTree = "<group>"; };
		F009F9712AA873930062C286 /* ModalTextButton.swift */ = {isa = PBXFileReference; lastKnownFileType = sourcecode.swift; path = ModalTextButton.swift; sourceTree = "<group>"; };
		F009F9752AA88E650062C286 /* TagViewController.swift */ = {isa = PBXFileReference; lastKnownFileType = sourcecode.swift; path = TagViewController.swift; sourceTree = "<group>"; };
		F009F9772AA891610062C286 /* TagViewModel.swift */ = {isa = PBXFileReference; lastKnownFileType = sourcecode.swift; path = TagViewModel.swift; sourceTree = "<group>"; };
		F009F9792AA897660062C286 /* TagTableViewCell.swift */ = {isa = PBXFileReference; lastKnownFileType = sourcecode.swift; path = TagTableViewCell.swift; sourceTree = "<group>"; };
		F009F97B2AA94F9E0062C286 /* NoteTableViewCell.swift */ = {isa = PBXFileReference; lastKnownFileType = sourcecode.swift; path = NoteTableViewCell.swift; sourceTree = "<group>"; };
		F009F9812AA962AE0062C286 /* MemoViewController.swift */ = {isa = PBXFileReference; lastKnownFileType = sourcecode.swift; path = MemoViewController.swift; sourceTree = "<group>"; };
		F00B4F4C2A29D21700D94FF2 /* RecordHeaderCollectionReusableView.swift */ = {isa = PBXFileReference; lastKnownFileType = sourcecode.swift; path = RecordHeaderCollectionReusableView.swift; sourceTree = "<group>"; };
		F00B4F4E2A29F31D00D94FF2 /* RecordEmptyView.swift */ = {isa = PBXFileReference; lastKnownFileType = sourcecode.swift; path = RecordEmptyView.swift; sourceTree = "<group>"; };
		F00B4F502A2A00AB00D94FF2 /* TrackerGuidelineHeaderView.swift */ = {isa = PBXFileReference; lastKnownFileType = sourcecode.swift; path = TrackerGuidelineHeaderView.swift; sourceTree = "<group>"; };
		F00B4F542A2C5FE200D94FF2 /* AccountDeleteViewController.swift */ = {isa = PBXFileReference; lastKnownFileType = sourcecode.swift; path = AccountDeleteViewController.swift; sourceTree = "<group>"; };
		F00D78052A249C5800262B95 /* NickNameViewController.swift */ = {isa = PBXFileReference; lastKnownFileType = sourcecode.swift; path = NickNameViewController.swift; sourceTree = "<group>"; };
		F010D1512A47CBCC00E4CD0E /* RecordLoadingView.swift */ = {isa = PBXFileReference; lastKnownFileType = sourcecode.swift; path = RecordLoadingView.swift; sourceTree = "<group>"; };
		F0129FB72A124872008BF649 /* TrackerLoadingTableViewCell.swift */ = {isa = PBXFileReference; lastKnownFileType = sourcecode.swift; path = TrackerLoadingTableViewCell.swift; sourceTree = "<group>"; };
		F01413662A1098F400A0DB99 /* GuidelineModel.swift */ = {isa = PBXFileReference; lastKnownFileType = sourcecode.swift; path = GuidelineModel.swift; sourceTree = "<group>"; };
		F014136C2A11023200A0DB99 /* TrackerGuidelineTableViewCell.swift */ = {isa = PBXFileReference; lastKnownFileType = sourcecode.swift; path = TrackerGuidelineTableViewCell.swift; sourceTree = "<group>"; };
		F014136E2A120ACE00A0DB99 /* SummaryModel.swift */ = {isa = PBXFileReference; lastKnownFileType = sourcecode.swift; path = SummaryModel.swift; sourceTree = "<group>"; };
		F01413722A120C3800A0DB99 /* TrackerRecordTableViewCell.swift */ = {isa = PBXFileReference; lastKnownFileType = sourcecode.swift; path = TrackerRecordTableViewCell.swift; sourceTree = "<group>"; };
		F028276A2A05FD1100213B94 /* CommitLoadingViewController.swift */ = {isa = PBXFileReference; lastKnownFileType = sourcecode.swift; path = CommitLoadingViewController.swift; sourceTree = "<group>"; };
		F028276C2A0615B300213B94 /* CommitNetworkManager.swift */ = {isa = PBXFileReference; lastKnownFileType = sourcecode.swift; path = CommitNetworkManager.swift; sourceTree = "<group>"; };
		F02827702A073BCD00213B94 /* CommitModel.swift */ = {isa = PBXFileReference; lastKnownFileType = sourcecode.swift; path = CommitModel.swift; sourceTree = "<group>"; };
		F02827722A075FF300213B94 /* CommitResultViewController.swift */ = {isa = PBXFileReference; lastKnownFileType = sourcecode.swift; path = CommitResultViewController.swift; sourceTree = "<group>"; };
		F0300A8E2A936263009F8AF8 /* AlertManager.swift */ = {isa = PBXFileReference; lastKnownFileType = sourcecode.swift; path = AlertManager.swift; sourceTree = "<group>"; };
		F03E39AB2A1399810042B491 /* TrackerTodayHeaderView.swift */ = {isa = PBXFileReference; lastKnownFileType = sourcecode.swift; path = TrackerTodayHeaderView.swift; sourceTree = "<group>"; };
		F03E39AF2A13AB720042B491 /* CalendarViewController.swift */ = {isa = PBXFileReference; lastKnownFileType = sourcecode.swift; path = CalendarViewController.swift; sourceTree = "<group>"; };
		F03E39B12A14FC790042B491 /* DocketViewController.swift */ = {isa = PBXFileReference; lastKnownFileType = sourcecode.swift; path = DocketViewController.swift; sourceTree = "<group>"; };
		F03E39B32A14FF350042B491 /* DocketView.swift */ = {isa = PBXFileReference; lastKnownFileType = sourcecode.swift; path = DocketView.swift; sourceTree = "<group>"; };
		F05011622A17666000AD0A49 /* CalendarCell.swift */ = {isa = PBXFileReference; lastKnownFileType = sourcecode.swift; path = CalendarCell.swift; sourceTree = "<group>"; };
		F05011642A179D2600AD0A49 /* RecordListViewController.swift */ = {isa = PBXFileReference; lastKnownFileType = sourcecode.swift; path = RecordListViewController.swift; sourceTree = "<group>"; };
		F05011662A17AB5000AD0A49 /* RecordListCollectionViewCell.swift */ = {isa = PBXFileReference; lastKnownFileType = sourcecode.swift; path = RecordListCollectionViewCell.swift; sourceTree = "<group>"; };
		F0745FF32A9373A100E85B02 /* Theme.swift */ = {isa = PBXFileReference; lastKnownFileType = sourcecode.swift; path = Theme.swift; sourceTree = "<group>"; };
		F08FB2B52A9721ED00295A86 /* CustomButton.swift */ = {isa = PBXFileReference; lastKnownFileType = sourcecode.swift; path = CustomButton.swift; sourceTree = "<group>"; };
		F09E02C229FA955D0008C259 /* AuthData+CoreDataClass.swift */ = {isa = PBXFileReference; lastKnownFileType = sourcecode.swift; path = "AuthData+CoreDataClass.swift"; sourceTree = "<group>"; };
		F09E02C329FA955D0008C259 /* AuthData+CoreDataProperties.swift */ = {isa = PBXFileReference; lastKnownFileType = sourcecode.swift; path = "AuthData+CoreDataProperties.swift"; sourceTree = "<group>"; };
		F09E02C629FAA5D10008C259 /* GoogleService-Info.plist */ = {isa = PBXFileReference; fileEncoding = 4; lastKnownFileType = text.plist.xml; path = "GoogleService-Info.plist"; sourceTree = "<group>"; };
		F09E02D929FB93080008C259 /* AppController.swift */ = {isa = PBXFileReference; lastKnownFileType = sourcecode.swift; path = AppController.swift; sourceTree = "<group>"; };
		F09E02E129FCE39E0008C259 /* Constants.swift */ = {isa = PBXFileReference; lastKnownFileType = sourcecode.swift; path = Constants.swift; sourceTree = "<group>"; };
		F09E02E329FCE3FC0008C259 /* AuthNetworkManager.swift */ = {isa = PBXFileReference; lastKnownFileType = sourcecode.swift; path = AuthNetworkManager.swift; sourceTree = "<group>"; };
		F09E02E529FCF42D0008C259 /* UserProfile.swift */ = {isa = PBXFileReference; lastKnownFileType = sourcecode.swift; path = UserProfile.swift; sourceTree = "<group>"; };
		F09E02EA29FE41140008C259 /* CoffeePensieve.entitlements */ = {isa = PBXFileReference; lastKnownFileType = text.plist.entitlements; path = CoffeePensieve.entitlements; sourceTree = "<group>"; };
		F09E02EB29FE5AC10008C259 /* Common.swift */ = {isa = PBXFileReference; lastKnownFileType = sourcecode.swift; path = Common.swift; sourceTree = "<group>"; };
		F09F60F029FF8B32004F2462 /* CommitMainView.swift */ = {isa = PBXFileReference; lastKnownFileType = sourcecode.swift; path = CommitMainView.swift; sourceTree = "<group>"; };
		F09F60F22A0122D8004F2462 /* CommitCoffeeViewController.swift */ = {isa = PBXFileReference; lastKnownFileType = sourcecode.swift; path = CommitCoffeeViewController.swift; sourceTree = "<group>"; };
		F09F60F42A012D6A004F2462 /* CommitCoffeeView.swift */ = {isa = PBXFileReference; lastKnownFileType = sourcecode.swift; path = CommitCoffeeView.swift; sourceTree = "<group>"; };
		F09F60F62A027174004F2462 /* CommitCoffeeCollectionViewCell.swift */ = {isa = PBXFileReference; lastKnownFileType = sourcecode.swift; path = CommitCoffeeCollectionViewCell.swift; sourceTree = "<group>"; };
		F09F60F82A0279B7004F2462 /* CoffeeModel.swift */ = {isa = PBXFileReference; lastKnownFileType = sourcecode.swift; path = CoffeeModel.swift; sourceTree = "<group>"; };
		F09F60FA2A048D18004F2462 /* CommitMoodViewController.swift */ = {isa = PBXFileReference; lastKnownFileType = sourcecode.swift; path = CommitMoodViewController.swift; sourceTree = "<group>"; };
		F09F60FC2A048D35004F2462 /* CommitMoodView.swift */ = {isa = PBXFileReference; lastKnownFileType = sourcecode.swift; path = CommitMoodView.swift; sourceTree = "<group>"; };
		F09F60FE2A049090004F2462 /* MoodModel.swift */ = {isa = PBXFileReference; lastKnownFileType = sourcecode.swift; path = MoodModel.swift; sourceTree = "<group>"; };
		F09F61002A04994B004F2462 /* CommitMoodCollectionViewCell.swift */ = {isa = PBXFileReference; lastKnownFileType = sourcecode.swift; path = CommitMoodCollectionViewCell.swift; sourceTree = "<group>"; };
		F09F61022A052403004F2462 /* CommitTagViewController.swift */ = {isa = PBXFileReference; lastKnownFileType = sourcecode.swift; path = CommitTagViewController.swift; sourceTree = "<group>"; };
		F09F61042A052428004F2462 /* CommitTagView.swift */ = {isa = PBXFileReference; lastKnownFileType = sourcecode.swift; path = CommitTagView.swift; sourceTree = "<group>"; };
		F09F61062A05269E004F2462 /* TagModel.swift */ = {isa = PBXFileReference; lastKnownFileType = sourcecode.swift; path = TagModel.swift; sourceTree = "<group>"; };
		F09F61082A052978004F2462 /* CommitTagCollectionViewCell.swift */ = {isa = PBXFileReference; lastKnownFileType = sourcecode.swift; path = CommitTagCollectionViewCell.swift; sourceTree = "<group>"; };
		F0A1A13B29E15D86000F6277 /* SignUpViewController.swift */ = {isa = PBXFileReference; lastKnownFileType = sourcecode.swift; path = SignUpViewController.swift; sourceTree = "<group>"; };
		F0A1A13D29E15FBB000F6277 /* OnboardingViewController.swift */ = {isa = PBXFileReference; lastKnownFileType = sourcecode.swift; path = OnboardingViewController.swift; sourceTree = "<group>"; };
		F0AA67E129ED388500B135CE /* FirstProfileCompleteView.swift */ = {isa = PBXFileReference; lastKnownFileType = sourcecode.swift; path = FirstProfileCompleteView.swift; sourceTree = "<group>"; };
		F0AA67E329ED38A000B135CE /* FirstProfileCompleteViewController.swift */ = {isa = PBXFileReference; lastKnownFileType = sourcecode.swift; path = FirstProfileCompleteViewController.swift; sourceTree = "<group>"; };
		F0B15C3029E2892900E4F9BC /* Colors.swift */ = {isa = PBXFileReference; lastKnownFileType = sourcecode.swift; path = Colors.swift; sourceTree = "<group>"; };
		F0C600C92AA6E70A009844B5 /* UpdateModel.swift */ = {isa = PBXFileReference; lastKnownFileType = sourcecode.swift; path = UpdateModel.swift; sourceTree = "<group>"; };
		F0C600CB2AA71653009844B5 /* UpdateTableViewCell.swift */ = {isa = PBXFileReference; lastKnownFileType = sourcecode.swift; path = UpdateTableViewCell.swift; sourceTree = "<group>"; };
		F0C600CD2AA71ABC009844B5 /* UpdateViewController.swift */ = {isa = PBXFileReference; lastKnownFileType = sourcecode.swift; path = UpdateViewController.swift; sourceTree = "<group>"; };
		F0CA4D3E2AAAFB9600E761FD /* MoodSelectViewController.swift */ = {isa = PBXFileReference; lastKnownFileType = sourcecode.swift; path = MoodSelectViewController.swift; sourceTree = "<group>"; };
		F0CA4D402AAB0BF100E761FD /* MoodSelectCollectionViewCell.swift */ = {isa = PBXFileReference; lastKnownFileType = sourcecode.swift; path = MoodSelectCollectionViewCell.swift; sourceTree = "<group>"; };
		F0CA4D432AAEF57000E761FD /* DrinkModalViewModel.swift */ = {isa = PBXFileReference; lastKnownFileType = sourcecode.swift; path = DrinkModalViewModel.swift; sourceTree = "<group>"; };
		F0CA4D462AAEF62E00E761FD /* CustomObservable.swift */ = {isa = PBXFileReference; lastKnownFileType = sourcecode.swift; path = CustomObservable.swift; sourceTree = "<group>"; };
		F0CA4D492AAF010500E761FD /* Protocols.swift */ = {isa = PBXFileReference; lastKnownFileType = sourcecode.swift; path = Protocols.swift; sourceTree = "<group>"; };
		F0CA4D4B2AAF24C100E761FD /* MoodViewModel.swift */ = {isa = PBXFileReference; lastKnownFileType = sourcecode.swift; path = MoodViewModel.swift; sourceTree = "<group>"; };
		F0CC3FDA29DEA47D00BD5B51 /* Coffee Pensieve.app */ = {isa = PBXFileReference; explicitFileType = wrapper.application; includeInIndex = 0; path = "Coffee Pensieve.app"; sourceTree = BUILT_PRODUCTS_DIR; };
		F0CC3FDD29DEA47D00BD5B51 /* AppDelegate.swift */ = {isa = PBXFileReference; lastKnownFileType = sourcecode.swift; path = AppDelegate.swift; sourceTree = "<group>"; };
		F0CC3FDF29DEA47D00BD5B51 /* SceneDelegate.swift */ = {isa = PBXFileReference; lastKnownFileType = sourcecode.swift; path = SceneDelegate.swift; sourceTree = "<group>"; };
		F0CC3FE129DEA47D00BD5B51 /* NetworkViewController.swift */ = {isa = PBXFileReference; lastKnownFileType = sourcecode.swift; path = NetworkViewController.swift; sourceTree = "<group>"; };
		F0CC3FE429DEA47D00BD5B51 /* Base */ = {isa = PBXFileReference; lastKnownFileType = file.storyboard; name = Base; path = Base.lproj/Main.storyboard; sourceTree = "<group>"; };
		F0CC3FE729DEA47D00BD5B51 /* CoffeePensieve.xcdatamodel */ = {isa = PBXFileReference; lastKnownFileType = wrapper.xcdatamodel; path = CoffeePensieve.xcdatamodel; sourceTree = "<group>"; };
		F0CC3FE929DEA48000BD5B51 /* Assets.xcassets */ = {isa = PBXFileReference; lastKnownFileType = folder.assetcatalog; path = Assets.xcassets; sourceTree = "<group>"; };
		F0CC3FEC29DEA48000BD5B51 /* Base */ = {isa = PBXFileReference; lastKnownFileType = file.storyboard; name = Base; path = Base.lproj/LaunchScreen.storyboard; sourceTree = "<group>"; };
		F0CC3FEE29DEA48000BD5B51 /* Info.plist */ = {isa = PBXFileReference; lastKnownFileType = text.plist.xml; path = Info.plist; sourceTree = "<group>"; };
		F0CC58512AA5D624009FA536 /* LocalNotification.swift */ = {isa = PBXFileReference; lastKnownFileType = sourcecode.swift; path = LocalNotification.swift; sourceTree = "<group>"; };
		F0CC58562AA5FE16009FA536 /* UpdateViewModel.swift */ = {isa = PBXFileReference; lastKnownFileType = sourcecode.swift; path = UpdateViewModel.swift; sourceTree = "<group>"; };
		F0CC58582AA5FE41009FA536 /* UpdateView.swift */ = {isa = PBXFileReference; lastKnownFileType = sourcecode.swift; path = UpdateView.swift; sourceTree = "<group>"; };
		F0D645FA2A1CC89F00BEB4C8 /* ProfileMenuModel.swift */ = {isa = PBXFileReference; lastKnownFileType = sourcecode.swift; path = ProfileMenuModel.swift; sourceTree = "<group>"; };
		F0D645FC2A1CE56500BEB4C8 /* ProfileViewController.swift */ = {isa = PBXFileReference; lastKnownFileType = sourcecode.swift; path = ProfileViewController.swift; sourceTree = "<group>"; };
		F0D645FE2A205BC100BEB4C8 /* ProfileTableViewCell.swift */ = {isa = PBXFileReference; lastKnownFileType = sourcecode.swift; path = ProfileTableViewCell.swift; sourceTree = "<group>"; };
		F0D646002A207F6100BEB4C8 /* PreferenceViewController.swift */ = {isa = PBXFileReference; lastKnownFileType = sourcecode.swift; path = PreferenceViewController.swift; sourceTree = "<group>"; };
		F0D646022A2087BB00BEB4C8 /* PreferenceTableViewCell.swift */ = {isa = PBXFileReference; lastKnownFileType = sourcecode.swift; path = PreferenceTableViewCell.swift; sourceTree = "<group>"; };
		F0D646042A20CC2B00BEB4C8 /* PreferenceHeaderView.swift */ = {isa = PBXFileReference; lastKnownFileType = sourcecode.swift; path = PreferenceHeaderView.swift; sourceTree = "<group>"; };
		F0D646062A20CF9600BEB4C8 /* PreferenceModel.swift */ = {isa = PBXFileReference; lastKnownFileType = sourcecode.swift; path = PreferenceModel.swift; sourceTree = "<group>"; };
		F0D646082A20D6C500BEB4C8 /* PreferenceTimeTableViewCell.swift */ = {isa = PBXFileReference; lastKnownFileType = sourcecode.swift; path = PreferenceTimeTableViewCell.swift; sourceTree = "<group>"; };
		F0D6460A2A21C8FF00BEB4C8 /* PreferenceCupTableViewCell.swift */ = {isa = PBXFileReference; lastKnownFileType = sourcecode.swift; path = PreferenceCupTableViewCell.swift; sourceTree = "<group>"; };
		F0D6460C2A23251C00BEB4C8 /* CupModalViewController.swift */ = {isa = PBXFileReference; lastKnownFileType = sourcecode.swift; path = CupModalViewController.swift; sourceTree = "<group>"; };
		F0D6460E2A23256B00BEB4C8 /* TimeModalViewController.swift */ = {isa = PBXFileReference; lastKnownFileType = sourcecode.swift; path = TimeModalViewController.swift; sourceTree = "<group>"; };
		F0D646102A233E0A00BEB4C8 /* PreferenceView.swift */ = {isa = PBXFileReference; lastKnownFileType = sourcecode.swift; path = PreferenceView.swift; sourceTree = "<group>"; };
		F0D6A1D329EE1B5700D8C9C8 /* WelcomeViewController.swift */ = {isa = PBXFileReference; lastKnownFileType = sourcecode.swift; path = WelcomeViewController.swift; sourceTree = "<group>"; };
		F0D6A1D529EE326800D8C9C8 /* CommitViewController.swift */ = {isa = PBXFileReference; lastKnownFileType = sourcecode.swift; path = CommitViewController.swift; sourceTree = "<group>"; };
		F0DF062A2A372E5B001016DF /* Extensions.swift */ = {isa = PBXFileReference; lastKnownFileType = sourcecode.swift; path = Extensions.swift; sourceTree = "<group>"; };
		F0DF062C2A3878BE001016DF /* NetworkCheck.swift */ = {isa = PBXFileReference; lastKnownFileType = sourcecode.swift; path = NetworkCheck.swift; sourceTree = "<group>"; };
		F0DF062E2A3AF607001016DF /* ViewController.swift */ = {isa = PBXFileReference; lastKnownFileType = sourcecode.swift; name = ViewController.swift; path = CoffeePensieve/Views/ViewController.swift; sourceTree = SOURCE_ROOT; };
		F0DF06312A3D831E001016DF /* SafariServices.framework */ = {isa = PBXFileReference; lastKnownFileType = wrapper.framework; name = SafariServices.framework; path = System/Library/Frameworks/SafariServices.framework; sourceTree = SDKROOT; };
		F0E660B72A2E0E9B00F5E812 /* TrackerRecordEmptyTableViewCell.swift */ = {isa = PBXFileReference; lastKnownFileType = sourcecode.swift; path = TrackerRecordEmptyTableViewCell.swift; sourceTree = "<group>"; };
		F0E9AB9E2A1B83E200591161 /* RankingModel.swift */ = {isa = PBXFileReference; lastKnownFileType = sourcecode.swift; path = RankingModel.swift; sourceTree = "<group>"; };
		F0EC729B2A08E98A00DC24D0 /* CommitResultView.swift */ = {isa = PBXFileReference; lastKnownFileType = sourcecode.swift; path = CommitResultView.swift; sourceTree = "<group>"; };
		F0EC72C22A0E6A1A00DC24D0 /* TrackerViewController.swift */ = {isa = PBXFileReference; lastKnownFileType = sourcecode.swift; path = TrackerViewController.swift; sourceTree = "<group>"; };
		F0EC72C62A0F1A1900DC24D0 /* TrackerTodayTableViewCell.swift */ = {isa = PBXFileReference; lastKnownFileType = sourcecode.swift; path = TrackerTodayTableViewCell.swift; sourceTree = "<group>"; };
		F0EC72C82A0F80E200DC24D0 /* TrackerNetworkManager.swift */ = {isa = PBXFileReference; lastKnownFileType = sourcecode.swift; path = TrackerNetworkManager.swift; sourceTree = "<group>"; };
		F0F6E49D29E1AC9B00C520CE /* StartPointViewController.swift */ = {isa = PBXFileReference; lastKnownFileType = sourcecode.swift; path = StartPointViewController.swift; sourceTree = "<group>"; };
		F0F8A88D29E8D89500838F35 /* AuthStartPointView.swift */ = {isa = PBXFileReference; lastKnownFileType = sourcecode.swift; path = AuthStartPointView.swift; sourceTree = "<group>"; };
		F0F8A88F29E8DAE100838F35 /* OnboardingView.swift */ = {isa = PBXFileReference; lastKnownFileType = sourcecode.swift; path = OnboardingView.swift; sourceTree = "<group>"; };
		F0F8A89129E8E3DE00838F35 /* SignUpView.swift */ = {isa = PBXFileReference; lastKnownFileType = sourcecode.swift; path = SignUpView.swift; sourceTree = "<group>"; };
		F0F8A89529E9604D00838F35 /* SignInView.swift */ = {isa = PBXFileReference; lastKnownFileType = sourcecode.swift; path = SignInView.swift; sourceTree = "<group>"; };
		F0F8A89729E9606500838F35 /* SignInViewController.swift */ = {isa = PBXFileReference; lastKnownFileType = sourcecode.swift; path = SignInViewController.swift; sourceTree = "<group>"; };
		F0F8A89929E9951800838F35 /* ForgotPasswordViewController.swift */ = {isa = PBXFileReference; lastKnownFileType = sourcecode.swift; path = ForgotPasswordViewController.swift; sourceTree = "<group>"; };
		F0F8A89B29E9953D00838F35 /* ForgotPasswordView.swift */ = {isa = PBXFileReference; lastKnownFileType = sourcecode.swift; path = ForgotPasswordView.swift; sourceTree = "<group>"; };
		F0F8A8A529EB9CCE00838F35 /* FirstProfileGreetingViewController.swift */ = {isa = PBXFileReference; lastKnownFileType = sourcecode.swift; path = FirstProfileGreetingViewController.swift; sourceTree = "<group>"; };
		F0F8A8A929EB9D6600838F35 /* FirstProfileGreetingView.swift */ = {isa = PBXFileReference; lastKnownFileType = sourcecode.swift; path = FirstProfileGreetingView.swift; sourceTree = "<group>"; };
		F0F8A8AB29EBE62400838F35 /* FirstProfileRoutineViewController.swift */ = {isa = PBXFileReference; lastKnownFileType = sourcecode.swift; path = FirstProfileRoutineViewController.swift; sourceTree = "<group>"; };
		F0F8A8AD29EBE64000838F35 /* FirstProfileRoutineView.swift */ = {isa = PBXFileReference; lastKnownFileType = sourcecode.swift; path = FirstProfileRoutineView.swift; sourceTree = "<group>"; };
		F0FD3A782A32ADE10023B643 /* MonthlyRecordView.swift */ = {isa = PBXFileReference; lastKnownFileType = sourcecode.swift; path = MonthlyRecordView.swift; sourceTree = "<group>"; };
/* End PBXFileReference section */

/* Begin PBXFrameworksBuildPhase section */
		F0CC3FD729DEA47D00BD5B51 /* Frameworks */ = {
			isa = PBXFrameworksBuildPhase;
			buildActionMask = 2147483647;
			files = (
				F09E030429FE92520008C259 /* FirebaseMessaging in Frameworks */,
				F09E030229FE92520008C259 /* FirebaseInAppMessagingSwift-Beta in Frameworks */,
				F09E02F229FE924E0008C259 /* FirebaseAnalyticsSwift in Frameworks */,
				F09E02F629FE924F0008C259 /* FirebaseAuth in Frameworks */,
				F09E02F029FE924E0008C259 /* FirebaseAnalytics in Frameworks */,
				F09E02F829FE924F0008C259 /* FirebaseCrashlytics in Frameworks */,
				F0DF06322A3D831E001016DF /* SafariServices.framework in Frameworks */,
				F09E02E929FD43F40008C259 /* GoogleSignIn in Frameworks */,
				F09E02FC29FE92500008C259 /* FirebaseFirestore in Frameworks */,
				F09E02FA29FE92500008C259 /* FirebaseDynamicLinks in Frameworks */,
				F09E02F429FE924F0008C259 /* FirebaseAnalyticsWithoutAdIdSupport in Frameworks */,
				F09E02FE29FE92510008C259 /* FirebaseFirestoreSwift in Frameworks */,
				F09E030029FE92510008C259 /* FirebaseInAppMessaging-Beta in Frameworks */,
			);
			runOnlyForDeploymentPostprocessing = 0;
		};
/* End PBXFrameworksBuildPhase section */

/* Begin PBXGroup section */
		F009F97D2AA961FD0062C286 /* Views */ = {
			isa = PBXGroup;
			children = (
				F009F97F2AA962110062C286 /* Controllers */,
				F0CA4D422AAEF4BD00E761FD /* Cells */,
				F0CC58582AA5FE41009FA536 /* UpdateView.swift */,
			);
			path = Views;
			sourceTree = "<group>";
		};
		F009F97E2AA962050062C286 /* ViewModels */ = {
			isa = PBXGroup;
			children = (
				F0CC58562AA5FE16009FA536 /* UpdateViewModel.swift */,
				F0CA4D432AAEF57000E761FD /* DrinkModalViewModel.swift */,
				F0CA4D4B2AAF24C100E761FD /* MoodViewModel.swift */,
				F009F9772AA891610062C286 /* TagViewModel.swift */,
			);
			path = ViewModels;
			sourceTree = "<group>";
		};
		F009F97F2AA962110062C286 /* Controllers */ = {
			isa = PBXGroup;
			children = (
				F0C600CD2AA71ABC009844B5 /* UpdateViewController.swift */,
				F009F9692AA814B40062C286 /* DateModalViewController.swift */,
				F009F96D2AA85B600062C286 /* DrinkModalViewController.swift */,
				F0CA4D3E2AAAFB9600E761FD /* MoodSelectViewController.swift */,
				F009F9752AA88E650062C286 /* TagViewController.swift */,
				F009F9812AA962AE0062C286 /* MemoViewController.swift */,
			);
			path = Controllers;
			sourceTree = "<group>";
		};
		F009F9802AA962250062C286 /* Models */ = {
			isa = PBXGroup;
			children = (
				F0C600C92AA6E70A009844B5 /* UpdateModel.swift */,
			);
			path = Models;
			sourceTree = "<group>";
		};
		F08FB2B42A9721E000295A86 /* Components */ = {
			isa = PBXGroup;
			children = (
				F08FB2B52A9721ED00295A86 /* CustomButton.swift */,
				F009F9712AA873930062C286 /* ModalTextButton.swift */,
			);
			path = Components;
			sourceTree = "<group>";
		};
		F09E02DF29FCE3800008C259 /* Helpers */ = {
			isa = PBXGroup;
			children = (
				F0CA4D462AAEF62E00E761FD /* CustomObservable.swift */,
				F0B15C3029E2892900E4F9BC /* Colors.swift */,
				F09E02E129FCE39E0008C259 /* Constants.swift */,
				F09E02EB29FE5AC10008C259 /* Common.swift */,
				F0DF062A2A372E5B001016DF /* Extensions.swift */,
				F0300A8E2A936263009F8AF8 /* AlertManager.swift */,
				F0745FF32A9373A100E85B02 /* Theme.swift */,
				F0CC58512AA5D624009FA536 /* LocalNotification.swift */,
				F0CA4D492AAF010500E761FD /* Protocols.swift */,
			);
			path = Helpers;
			sourceTree = "<group>";
		};
		F09E02E029FCE3890008C259 /* Networking */ = {
			isa = PBXGroup;
			children = (
				F09E02E329FCE3FC0008C259 /* AuthNetworkManager.swift */,
				F0EC72C82A0F80E200DC24D0 /* TrackerNetworkManager.swift */,
				F028276C2A0615B300213B94 /* CommitNetworkManager.swift */,
			);
			path = Networking;
			sourceTree = "<group>";
		};
		F0B15C3229E5543D00E4F9BC /* Models */ = {
			isa = PBXGroup;
			children = (
				F09E02E529FCF42D0008C259 /* UserProfile.swift */,
				F09F60F82A0279B7004F2462 /* CoffeeModel.swift */,
				F09F60FE2A049090004F2462 /* MoodModel.swift */,
				F09F61062A05269E004F2462 /* TagModel.swift */,
				F02827702A073BCD00213B94 /* CommitModel.swift */,
				F01413662A1098F400A0DB99 /* GuidelineModel.swift */,
				F014136E2A120ACE00A0DB99 /* SummaryModel.swift */,
				F0E9AB9E2A1B83E200591161 /* RankingModel.swift */,
				F0D645FA2A1CC89F00BEB4C8 /* ProfileMenuModel.swift */,
				F0D646062A20CF9600BEB4C8 /* PreferenceModel.swift */,
			);
			path = Models;
			sourceTree = "<group>";
		};
		F0B15C3329E5544700E4F9BC /* Views */ = {
			isa = PBXGroup;
			children = (
				F0F8A88D29E8D89500838F35 /* AuthStartPointView.swift */,
				F0F8A88F29E8DAE100838F35 /* OnboardingView.swift */,
				F0F8A89129E8E3DE00838F35 /* SignUpView.swift */,
				F0F8A89529E9604D00838F35 /* SignInView.swift */,
				F0F8A89B29E9953D00838F35 /* ForgotPasswordView.swift */,
				F0F8A8A929EB9D6600838F35 /* FirstProfileGreetingView.swift */,
				F0AA67E129ED388500B135CE /* FirstProfileCompleteView.swift */,
				F0F8A8AD29EBE64000838F35 /* FirstProfileRoutineView.swift */,
				F09F60F029FF8B32004F2462 /* CommitMainView.swift */,
				F09F60F42A012D6A004F2462 /* CommitCoffeeView.swift */,
				F09F60F62A027174004F2462 /* CommitCoffeeCollectionViewCell.swift */,
				F09F60FC2A048D35004F2462 /* CommitMoodView.swift */,
				F09F61002A04994B004F2462 /* CommitMoodCollectionViewCell.swift */,
				F09F61042A052428004F2462 /* CommitTagView.swift */,
				F09F61082A052978004F2462 /* CommitTagCollectionViewCell.swift */,
				F0EC729B2A08E98A00DC24D0 /* CommitResultView.swift */,
				F0EC72C62A0F1A1900DC24D0 /* TrackerTodayTableViewCell.swift */,
				F014136C2A11023200A0DB99 /* TrackerGuidelineTableViewCell.swift */,
				F01413722A120C3800A0DB99 /* TrackerRecordTableViewCell.swift */,
				F0129FB72A124872008BF649 /* TrackerLoadingTableViewCell.swift */,
				F03E39AB2A1399810042B491 /* TrackerTodayHeaderView.swift */,
				F00B4F502A2A00AB00D94FF2 /* TrackerGuidelineHeaderView.swift */,
				F03E39B32A14FF350042B491 /* DocketView.swift */,
				F05011622A17666000AD0A49 /* CalendarCell.swift */,
				F05011662A17AB5000AD0A49 /* RecordListCollectionViewCell.swift */,
				F0D646042A20CC2B00BEB4C8 /* PreferenceHeaderView.swift */,
				F0D645FE2A205BC100BEB4C8 /* ProfileTableViewCell.swift */,
				F0D646022A2087BB00BEB4C8 /* PreferenceTableViewCell.swift */,
				F0D646082A20D6C500BEB4C8 /* PreferenceTimeTableViewCell.swift */,
				F0D6460A2A21C8FF00BEB4C8 /* PreferenceCupTableViewCell.swift */,
				F0D646102A233E0A00BEB4C8 /* PreferenceView.swift */,
				F00B4F4C2A29D21700D94FF2 /* RecordHeaderCollectionReusableView.swift */,
				F00B4F4E2A29F31D00D94FF2 /* RecordEmptyView.swift */,
				F0E660B72A2E0E9B00F5E812 /* TrackerRecordEmptyTableViewCell.swift */,
				F0FD3A782A32ADE10023B643 /* MonthlyRecordView.swift */,
				F010D1512A47CBCC00E4CD0E /* RecordLoadingView.swift */,
			);
			path = Views;
			sourceTree = "<group>";
		};
		F0B15C3429E5545100E4F9BC /* Controllers */ = {
			isa = PBXGroup;
			children = (
				F0CC3FE129DEA47D00BD5B51 /* NetworkViewController.swift */,
				F0DF062C2A3878BE001016DF /* NetworkCheck.swift */,
				F0A1A13D29E15FBB000F6277 /* OnboardingViewController.swift */,
				F0F6E49D29E1AC9B00C520CE /* StartPointViewController.swift */,
				F0A1A13B29E15D86000F6277 /* SignUpViewController.swift */,
				F0F8A89729E9606500838F35 /* SignInViewController.swift */,
				F0F8A89929E9951800838F35 /* ForgotPasswordViewController.swift */,
				F0F8A8A529EB9CCE00838F35 /* FirstProfileGreetingViewController.swift */,
				F0F8A8AB29EBE62400838F35 /* FirstProfileRoutineViewController.swift */,
				F0AA67E329ED38A000B135CE /* FirstProfileCompleteViewController.swift */,
				F0D6A1D329EE1B5700D8C9C8 /* WelcomeViewController.swift */,
				F0D6A1D529EE326800D8C9C8 /* CommitViewController.swift */,
				F09F60F22A0122D8004F2462 /* CommitCoffeeViewController.swift */,
				F09F60FA2A048D18004F2462 /* CommitMoodViewController.swift */,
				F09F61022A052403004F2462 /* CommitTagViewController.swift */,
				F028276A2A05FD1100213B94 /* CommitLoadingViewController.swift */,
				F02827722A075FF300213B94 /* CommitResultViewController.swift */,
				F0EC72C22A0E6A1A00DC24D0 /* TrackerViewController.swift */,
				F03E39B12A14FC790042B491 /* DocketViewController.swift */,
				F05011642A179D2600AD0A49 /* RecordListViewController.swift */,
				F03E39AF2A13AB720042B491 /* CalendarViewController.swift */,
				F0D645FC2A1CE56500BEB4C8 /* ProfileViewController.swift */,
				F0D646002A207F6100BEB4C8 /* PreferenceViewController.swift */,
				F0D6460C2A23251C00BEB4C8 /* CupModalViewController.swift */,
				F0D6460E2A23256B00BEB4C8 /* TimeModalViewController.swift */,
				F00D78052A249C5800262B95 /* NickNameViewController.swift */,
				F00B4F542A2C5FE200D94FF2 /* AccountDeleteViewController.swift */,
				F0DF062E2A3AF607001016DF /* ViewController.swift */,
			);
			path = Controllers;
			sourceTree = "<group>";
		};
		F0CA4D422AAEF4BD00E761FD /* Cells */ = {
			isa = PBXGroup;
			children = (
				F0C600CB2AA71653009844B5 /* UpdateTableViewCell.swift */,
				F0CA4D402AAB0BF100E761FD /* MoodSelectCollectionViewCell.swift */,
				F009F9792AA897660062C286 /* TagTableViewCell.swift */,
				F009F97B2AA94F9E0062C286 /* NoteTableViewCell.swift */,
			);
			path = Cells;
			sourceTree = "<group>";
		};
		F0CA4D482AAEF9A600E761FD /* LifeCycle */ = {
			isa = PBXGroup;
			children = (
				F0CC3FDD29DEA47D00BD5B51 /* AppDelegate.swift */,
				F0CC3FDF29DEA47D00BD5B51 /* SceneDelegate.swift */,
				F09E02D929FB93080008C259 /* AppController.swift */,
			);
			path = LifeCycle;
			sourceTree = "<group>";
		};
		F0CC3FD129DEA47C00BD5B51 = {
			isa = PBXGroup;
			children = (
				F09E02EA29FE41140008C259 /* CoffeePensieve.entitlements */,
				F09E02C629FAA5D10008C259 /* GoogleService-Info.plist */,
				F09E02C229FA955D0008C259 /* AuthData+CoreDataClass.swift */,
				F09E02C329FA955D0008C259 /* AuthData+CoreDataProperties.swift */,
				F0CC3FDC29DEA47D00BD5B51 /* CoffeePensieve */,
				F0CC3FDB29DEA47D00BD5B51 /* Products */,
				F0DF06302A3D831D001016DF /* Frameworks */,
			);
			sourceTree = "<group>";
		};
		F0CC3FDB29DEA47D00BD5B51 /* Products */ = {
			isa = PBXGroup;
			children = (
				F0CC3FDA29DEA47D00BD5B51 /* Coffee Pensieve.app */,
			);
			name = Products;
			sourceTree = "<group>";
		};
		F0CC3FDC29DEA47D00BD5B51 /* CoffeePensieve */ = {
			isa = PBXGroup;
			children = (
				F0CA4D482AAEF9A600E761FD /* LifeCycle */,
				F08FB2B42A9721E000295A86 /* Components */,
				F09E02DF29FCE3800008C259 /* Helpers */,
				F09E02E029FCE3890008C259 /* Networking */,
				F0B15C3229E5543D00E4F9BC /* Models */,
				F0B15C3329E5544700E4F9BC /* Views */,
				F0B15C3429E5545100E4F9BC /* Controllers */,
				F0CC58552AA5FD50009FA536 /* UpdateScreen */,
				F0CC3FE929DEA48000BD5B51 /* Assets.xcassets */,
				F0CC3FE329DEA47D00BD5B51 /* Main.storyboard */,
				F0CC3FEB29DEA48000BD5B51 /* LaunchScreen.storyboard */,
				F0CC3FEE29DEA48000BD5B51 /* Info.plist */,
				F0CC3FE629DEA47D00BD5B51 /* CoffeePensieve.xcdatamodeld */,
			);
			path = CoffeePensieve;
			sourceTree = "<group>";
		};
		F0CC58552AA5FD50009FA536 /* UpdateScreen */ = {
			isa = PBXGroup;
			children = (
				F009F9802AA962250062C286 /* Models */,
				F009F97D2AA961FD0062C286 /* Views */,
				F009F97E2AA962050062C286 /* ViewModels */,
			);
			path = UpdateScreen;
			sourceTree = "<group>";
		};
		F0DF06302A3D831D001016DF /* Frameworks */ = {
			isa = PBXGroup;
			children = (
				F0DF06312A3D831E001016DF /* SafariServices.framework */,
			);
			name = Frameworks;
			sourceTree = "<group>";
		};
/* End PBXGroup section */

/* Begin PBXNativeTarget section */
		F0CC3FD929DEA47D00BD5B51 /* CoffeePensieve */ = {
			isa = PBXNativeTarget;
			buildConfigurationList = F0CC3FF129DEA48000BD5B51 /* Build configuration list for PBXNativeTarget "CoffeePensieve" */;
			buildPhases = (
				F0CC3FD629DEA47D00BD5B51 /* Sources */,
				F0CC3FD729DEA47D00BD5B51 /* Frameworks */,
				F0CC3FD829DEA47D00BD5B51 /* Resources */,
				F086AEDA2A42FC000015BB34 /* Run Script */,
			);
			buildRules = (
			);
			dependencies = (
			);
			name = CoffeePensieve;
			packageProductDependencies = (
				F09E02E829FD43F40008C259 /* GoogleSignIn */,
				F09E02EF29FE924E0008C259 /* FirebaseAnalytics */,
				F09E02F129FE924E0008C259 /* FirebaseAnalyticsSwift */,
				F09E02F329FE924F0008C259 /* FirebaseAnalyticsWithoutAdIdSupport */,
				F09E02F529FE924F0008C259 /* FirebaseAuth */,
				F09E02F729FE924F0008C259 /* FirebaseCrashlytics */,
				F09E02F929FE92500008C259 /* FirebaseDynamicLinks */,
				F09E02FB29FE92500008C259 /* FirebaseFirestore */,
				F09E02FD29FE92510008C259 /* FirebaseFirestoreSwift */,
				F09E02FF29FE92510008C259 /* FirebaseInAppMessaging-Beta */,
				F09E030129FE92520008C259 /* FirebaseInAppMessagingSwift-Beta */,
				F09E030329FE92520008C259 /* FirebaseMessaging */,
			);
			productName = CoffeePensieve;
			productReference = F0CC3FDA29DEA47D00BD5B51 /* Coffee Pensieve.app */;
			productType = "com.apple.product-type.application";
		};
/* End PBXNativeTarget section */

/* Begin PBXProject section */
		F0CC3FD229DEA47C00BD5B51 /* Project object */ = {
			isa = PBXProject;
			attributes = {
				BuildIndependentTargetsInParallel = 1;
				LastSwiftUpdateCheck = 1430;
				LastUpgradeCheck = 1430;
				TargetAttributes = {
					F0CC3FD929DEA47D00BD5B51 = {
						CreatedOnToolsVersion = 14.3;
					};
				};
			};
			buildConfigurationList = F0CC3FD529DEA47C00BD5B51 /* Build configuration list for PBXProject "CoffeePensieve" */;
			compatibilityVersion = "Xcode 14.0";
			developmentRegion = en;
			hasScannedForEncodings = 0;
			knownRegions = (
				en,
				Base,
			);
			mainGroup = F0CC3FD129DEA47C00BD5B51;
			packageReferences = (
				F09E02E729FD43F40008C259 /* XCRemoteSwiftPackageReference "GoogleSignIn-iOS" */,
				F09E02EE29FE924E0008C259 /* XCRemoteSwiftPackageReference "firebase-ios-sdk" */,
			);
			productRefGroup = F0CC3FDB29DEA47D00BD5B51 /* Products */;
			projectDirPath = "";
			projectRoot = "";
			targets = (
				F0CC3FD929DEA47D00BD5B51 /* CoffeePensieve */,
			);
		};
/* End PBXProject section */

/* Begin PBXResourcesBuildPhase section */
		F0CC3FD829DEA47D00BD5B51 /* Resources */ = {
			isa = PBXResourcesBuildPhase;
			buildActionMask = 2147483647;
			files = (
				F0CC3FED29DEA48000BD5B51 /* LaunchScreen.storyboard in Resources */,
				F09E02C729FAA5D30008C259 /* GoogleService-Info.plist in Resources */,
				F0CC3FEA29DEA48000BD5B51 /* Assets.xcassets in Resources */,
				F0CC3FE529DEA47D00BD5B51 /* Main.storyboard in Resources */,
			);
			runOnlyForDeploymentPostprocessing = 0;
		};
/* End PBXResourcesBuildPhase section */

/* Begin PBXShellScriptBuildPhase section */
		F086AEDA2A42FC000015BB34 /* Run Script */ = {
			isa = PBXShellScriptBuildPhase;
			buildActionMask = 2147483647;
			files = (
			);
			inputFileListPaths = (
			);
			inputPaths = (
				"${DWARF_DSYM_FOLDER_PATH}/${DWARF_DSYM_FILE_NAME}/Contents/Resources/DWARF/${TARGET_NAME}",
				"$(SRCROOT)/$(BUILT_PRODUCTS_DIR)/$(INFOPLIST_PATH)",
			);
			name = "Run Script";
			outputFileListPaths = (
			);
			outputPaths = (
			);
			runOnlyForDeploymentPostprocessing = 0;
			shellPath = /bin/sh;
			shellScript = "# Type a script or drag a script file from your workspace to insert its path.\n\"${BUILD_DIR%/Build/*}/SourcePackages/checkouts/firebase-ios-sdk/Crashlytics/run\"\n";
		};
/* End PBXShellScriptBuildPhase section */

/* Begin PBXSourcesBuildPhase section */
		F0CC3FD629DEA47D00BD5B51 /* Sources */ = {
			isa = PBXSourcesBuildPhase;
			buildActionMask = 2147483647;
			files = (
				F0F8A8AC29EBE62400838F35 /* FirstProfileRoutineViewController.swift in Sources */,
				F05011632A17666000AD0A49 /* CalendarCell.swift in Sources */,
				F009F9722AA873930062C286 /* ModalTextButton.swift in Sources */,
				F09F61032A052403004F2462 /* CommitTagViewController.swift in Sources */,
				F01413732A120C3800A0DB99 /* TrackerRecordTableViewCell.swift in Sources */,
				F0CC58522AA5D624009FA536 /* LocalNotification.swift in Sources */,
				F09E02E229FCE39E0008C259 /* Constants.swift in Sources */,
				F0CC3FE229DEA47D00BD5B51 /* NetworkViewController.swift in Sources */,
				F0D645FD2A1CE56500BEB4C8 /* ProfileViewController.swift in Sources */,
				F0A1A13E29E15FBB000F6277 /* OnboardingViewController.swift in Sources */,
				F0E9AB9F2A1B83E200591161 /* RankingModel.swift in Sources */,
				F0CA4D3F2AAAFB9600E761FD /* MoodSelectViewController.swift in Sources */,
				F010D1522A47CBCC00E4CD0E /* RecordLoadingView.swift in Sources */,
				F00B4F512A2A00AB00D94FF2 /* TrackerGuidelineHeaderView.swift in Sources */,
				F01413672A1098F400A0DB99 /* GuidelineModel.swift in Sources */,
				F0E660B82A2E0E9B00F5E812 /* TrackerRecordEmptyTableViewCell.swift in Sources */,
				F0D6460D2A23251C00BEB4C8 /* CupModalViewController.swift in Sources */,
				F09E02C429FA955D0008C259 /* AuthData+CoreDataClass.swift in Sources */,
				F0129FB82A124873008BF649 /* TrackerLoadingTableViewCell.swift in Sources */,
				F0CA4D442AAEF57000E761FD /* DrinkModalViewModel.swift in Sources */,
				F0F8A8AE29EBE64100838F35 /* FirstProfileRoutineView.swift in Sources */,
				F0EC72C92A0F80E200DC24D0 /* TrackerNetworkManager.swift in Sources */,
				F0D646052A20CC2B00BEB4C8 /* PreferenceHeaderView.swift in Sources */,
				F00B4F4D2A29D21700D94FF2 /* RecordHeaderCollectionReusableView.swift in Sources */,
				F014136D2A11023200A0DB99 /* TrackerGuidelineTableViewCell.swift in Sources */,
				F0CA4D4A2AAF010500E761FD /* Protocols.swift in Sources */,
				F09F60FB2A048D18004F2462 /* CommitMoodViewController.swift in Sources */,
				F0C600CE2AA71ABC009844B5 /* UpdateViewController.swift in Sources */,
				F0D6A1D629EE326800D8C9C8 /* CommitViewController.swift in Sources */,
				F09E02C529FA955D0008C259 /* AuthData+CoreDataProperties.swift in Sources */,
				F009F97C2AA94F9E0062C286 /* NoteTableViewCell.swift in Sources */,
				F0D6460B2A21C90000BEB4C8 /* PreferenceCupTableViewCell.swift in Sources */,
				F0D646092A20D6C500BEB4C8 /* PreferenceTimeTableViewCell.swift in Sources */,
				F0DF062D2A3878BE001016DF /* NetworkCheck.swift in Sources */,
				F09F61052A052428004F2462 /* CommitTagView.swift in Sources */,
				F009F9822AA962AE0062C286 /* MemoViewController.swift in Sources */,
				F0F6E49E29E1AC9B00C520CE /* StartPointViewController.swift in Sources */,
				F09E02E429FCE3FC0008C259 /* AuthNetworkManager.swift in Sources */,
				F09F60FF2A049090004F2462 /* MoodModel.swift in Sources */,
				F0CC3FDE29DEA47D00BD5B51 /* AppDelegate.swift in Sources */,
				F09E02E629FCF42D0008C259 /* UserProfile.swift in Sources */,
				F0CC58592AA5FE42009FA536 /* UpdateView.swift in Sources */,
				F03E39B22A14FC790042B491 /* DocketViewController.swift in Sources */,
				F09F60FD2A048D35004F2462 /* CommitMoodView.swift in Sources */,
				F09F61072A05269E004F2462 /* TagModel.swift in Sources */,
				F0F8A89229E8E3DE00838F35 /* SignUpView.swift in Sources */,
				F0F8A89829E9606500838F35 /* SignInViewController.swift in Sources */,
				F09F60F92A0279B7004F2462 /* CoffeeModel.swift in Sources */,
				F08FB2B62A9721ED00295A86 /* CustomButton.swift in Sources */,
				F09F60F32A0122D8004F2462 /* CommitCoffeeViewController.swift in Sources */,
				F009F97A2AA897670062C286 /* TagTableViewCell.swift in Sources */,
				F05011672A17AB5000AD0A49 /* RecordListCollectionViewCell.swift in Sources */,
				F0CC3FE829DEA47D00BD5B51 /* CoffeePensieve.xcdatamodeld in Sources */,
				F0F8A89629E9604D00838F35 /* SignInView.swift in Sources */,
				F0F8A89A29E9951800838F35 /* ForgotPasswordViewController.swift in Sources */,
				F02827732A075FF300213B94 /* CommitResultViewController.swift in Sources */,
				F009F96E2AA85B600062C286 /* DrinkModalViewController.swift in Sources */,
				F03E39B02A13AB720042B491 /* CalendarViewController.swift in Sources */,
				F00B4F552A2C5FE200D94FF2 /* AccountDeleteViewController.swift in Sources */,
				F09E02DA29FB93080008C259 /* AppController.swift in Sources */,
				F0D645FF2A205BC100BEB4C8 /* ProfileTableViewCell.swift in Sources */,
				F0AA67E229ED388500B135CE /* FirstProfileCompleteView.swift in Sources */,
				F0C600CA2AA6E70A009844B5 /* UpdateModel.swift in Sources */,
				F0EC72C32A0E6A1A00DC24D0 /* TrackerViewController.swift in Sources */,
				F05011652A179D2600AD0A49 /* RecordListViewController.swift in Sources */,
				F0DF062B2A372E5B001016DF /* Extensions.swift in Sources */,
				F0C600CC2AA71653009844B5 /* UpdateTableViewCell.swift in Sources */,
				F0D646032A2087BB00BEB4C8 /* PreferenceTableViewCell.swift in Sources */,
				F03E39AC2A1399810042B491 /* TrackerTodayHeaderView.swift in Sources */,
				F028276B2A05FD1100213B94 /* CommitLoadingViewController.swift in Sources */,
				F02827712A073BCE00213B94 /* CommitModel.swift in Sources */,
				F0EC729C2A08E98A00DC24D0 /* CommitResultView.swift in Sources */,
				F028276D2A0615B300213B94 /* CommitNetworkManager.swift in Sources */,
				F00B4F4F2A29F31D00D94FF2 /* RecordEmptyView.swift in Sources */,
				F03E39B42A14FF350042B491 /* DocketView.swift in Sources */,
				F0300A8F2A936263009F8AF8 /* AlertManager.swift in Sources */,
				F0F8A88E29E8D89500838F35 /* AuthStartPointView.swift in Sources */,
				F0EC72C72A0F1A1900DC24D0 /* TrackerTodayTableViewCell.swift in Sources */,
				F009F9762AA88E650062C286 /* TagViewController.swift in Sources */,
				F0F8A8A629EB9CCE00838F35 /* FirstProfileGreetingViewController.swift in Sources */,
				F0CC58572AA5FE16009FA536 /* UpdateViewModel.swift in Sources */,
				F00D78062A249C5800262B95 /* NickNameViewController.swift in Sources */,
				F09F60F129FF8B32004F2462 /* CommitMainView.swift in Sources */,
				F009F96A2AA814B40062C286 /* DateModalViewController.swift in Sources */,
				F0745FF42A9373A100E85B02 /* Theme.swift in Sources */,
				F0CC3FE029DEA47D00BD5B51 /* SceneDelegate.swift in Sources */,
				F0CA4D472AAEF62E00E761FD /* CustomObservable.swift in Sources */,
				F0D6A1D429EE1B5700D8C9C8 /* WelcomeViewController.swift in Sources */,
				F0B15C3129E2892900E4F9BC /* Colors.swift in Sources */,
				F0CA4D4C2AAF24C100E761FD /* MoodViewModel.swift in Sources */,
				F0DF062F2A3AF608001016DF /* ViewController.swift in Sources */,
				F0A1A13C29E15D86000F6277 /* SignUpViewController.swift in Sources */,
				F0FD3A792A32ADE10023B643 /* MonthlyRecordView.swift in Sources */,
				F0D646072A20CF9600BEB4C8 /* PreferenceModel.swift in Sources */,
				F0D645FB2A1CC89F00BEB4C8 /* ProfileMenuModel.swift in Sources */,
				F0F8A8AA29EB9D6600838F35 /* FirstProfileGreetingView.swift in Sources */,
				F009F9782AA891610062C286 /* TagViewModel.swift in Sources */,
				F09F60F72A027174004F2462 /* CommitCoffeeCollectionViewCell.swift in Sources */,
				F09E02EC29FE5AC10008C259 /* Common.swift in Sources */,
				F0F8A89C29E9953D00838F35 /* ForgotPasswordView.swift in Sources */,
				F09F61012A04994B004F2462 /* CommitMoodCollectionViewCell.swift in Sources */,
				F09F61092A052979004F2462 /* CommitTagCollectionViewCell.swift in Sources */,
				F0D6460F2A23256B00BEB4C8 /* TimeModalViewController.swift in Sources */,
				F09F60F52A012D6A004F2462 /* CommitCoffeeView.swift in Sources */,
				F0F8A89029E8DAE100838F35 /* OnboardingView.swift in Sources */,
				F0D646012A207F6100BEB4C8 /* PreferenceViewController.swift in Sources */,
				F014136F2A120ACE00A0DB99 /* SummaryModel.swift in Sources */,
				F0CA4D412AAB0BF100E761FD /* MoodSelectCollectionViewCell.swift in Sources */,
				F0AA67E429ED38A000B135CE /* FirstProfileCompleteViewController.swift in Sources */,
				F0D646112A233E0A00BEB4C8 /* PreferenceView.swift in Sources */,
			);
			runOnlyForDeploymentPostprocessing = 0;
		};
/* End PBXSourcesBuildPhase section */

/* Begin PBXVariantGroup section */
		F0CC3FE329DEA47D00BD5B51 /* Main.storyboard */ = {
			isa = PBXVariantGroup;
			children = (
				F0CC3FE429DEA47D00BD5B51 /* Base */,
			);
			name = Main.storyboard;
			sourceTree = "<group>";
		};
		F0CC3FEB29DEA48000BD5B51 /* LaunchScreen.storyboard */ = {
			isa = PBXVariantGroup;
			children = (
				F0CC3FEC29DEA48000BD5B51 /* Base */,
			);
			name = LaunchScreen.storyboard;
			sourceTree = "<group>";
		};
/* End PBXVariantGroup section */

/* Begin XCBuildConfiguration section */
		F0CC3FEF29DEA48000BD5B51 /* Debug */ = {
			isa = XCBuildConfiguration;
			buildSettings = {
				ALWAYS_SEARCH_USER_PATHS = NO;
				CLANG_ANALYZER_NONNULL = YES;
				CLANG_ANALYZER_NUMBER_OBJECT_CONVERSION = YES_AGGRESSIVE;
				CLANG_CXX_LANGUAGE_STANDARD = "gnu++20";
				CLANG_ENABLE_MODULES = YES;
				CLANG_ENABLE_OBJC_ARC = YES;
				CLANG_ENABLE_OBJC_WEAK = YES;
				CLANG_WARN_BLOCK_CAPTURE_AUTORELEASING = YES;
				CLANG_WARN_BOOL_CONVERSION = YES;
				CLANG_WARN_COMMA = YES;
				CLANG_WARN_CONSTANT_CONVERSION = YES;
				CLANG_WARN_DEPRECATED_OBJC_IMPLEMENTATIONS = YES;
				CLANG_WARN_DIRECT_OBJC_ISA_USAGE = YES_ERROR;
				CLANG_WARN_DOCUMENTATION_COMMENTS = YES;
				CLANG_WARN_EMPTY_BODY = YES;
				CLANG_WARN_ENUM_CONVERSION = YES;
				CLANG_WARN_INFINITE_RECURSION = YES;
				CLANG_WARN_INT_CONVERSION = YES;
				CLANG_WARN_NON_LITERAL_NULL_CONVERSION = YES;
				CLANG_WARN_OBJC_IMPLICIT_RETAIN_SELF = YES;
				CLANG_WARN_OBJC_LITERAL_CONVERSION = YES;
				CLANG_WARN_OBJC_ROOT_CLASS = YES_ERROR;
				CLANG_WARN_QUOTED_INCLUDE_IN_FRAMEWORK_HEADER = YES;
				CLANG_WARN_RANGE_LOOP_ANALYSIS = YES;
				CLANG_WARN_STRICT_PROTOTYPES = YES;
				CLANG_WARN_SUSPICIOUS_MOVE = YES;
				CLANG_WARN_UNGUARDED_AVAILABILITY = YES_AGGRESSIVE;
				CLANG_WARN_UNREACHABLE_CODE = YES;
				CLANG_WARN__DUPLICATE_METHOD_MATCH = YES;
				COPY_PHASE_STRIP = NO;
				DEBUG_INFORMATION_FORMAT = dwarf;
				ENABLE_STRICT_OBJC_MSGSEND = YES;
				ENABLE_TESTABILITY = YES;
				GCC_C_LANGUAGE_STANDARD = gnu11;
				GCC_DYNAMIC_NO_PIC = NO;
				GCC_NO_COMMON_BLOCKS = YES;
				GCC_OPTIMIZATION_LEVEL = 0;
				GCC_PREPROCESSOR_DEFINITIONS = (
					"DEBUG=1",
					"$(inherited)",
				);
				GCC_WARN_64_TO_32_BIT_CONVERSION = YES;
				GCC_WARN_ABOUT_RETURN_TYPE = YES_ERROR;
				GCC_WARN_UNDECLARED_SELECTOR = YES;
				GCC_WARN_UNINITIALIZED_AUTOS = YES_AGGRESSIVE;
				GCC_WARN_UNUSED_FUNCTION = YES;
				GCC_WARN_UNUSED_VARIABLE = YES;
				IPHONEOS_DEPLOYMENT_TARGET = 16.0;
				MTL_ENABLE_DEBUG_INFO = INCLUDE_SOURCE;
				MTL_FAST_MATH = YES;
				ONLY_ACTIVE_ARCH = YES;
				SDKROOT = iphoneos;
				SWIFT_ACTIVE_COMPILATION_CONDITIONS = DEBUG;
				SWIFT_OPTIMIZATION_LEVEL = "-Onone";
			};
			name = Debug;
		};
		F0CC3FF029DEA48000BD5B51 /* Release */ = {
			isa = XCBuildConfiguration;
			buildSettings = {
				ALWAYS_SEARCH_USER_PATHS = NO;
				CLANG_ANALYZER_NONNULL = YES;
				CLANG_ANALYZER_NUMBER_OBJECT_CONVERSION = YES_AGGRESSIVE;
				CLANG_CXX_LANGUAGE_STANDARD = "gnu++20";
				CLANG_ENABLE_MODULES = YES;
				CLANG_ENABLE_OBJC_ARC = YES;
				CLANG_ENABLE_OBJC_WEAK = YES;
				CLANG_WARN_BLOCK_CAPTURE_AUTORELEASING = YES;
				CLANG_WARN_BOOL_CONVERSION = YES;
				CLANG_WARN_COMMA = YES;
				CLANG_WARN_CONSTANT_CONVERSION = YES;
				CLANG_WARN_DEPRECATED_OBJC_IMPLEMENTATIONS = YES;
				CLANG_WARN_DIRECT_OBJC_ISA_USAGE = YES_ERROR;
				CLANG_WARN_DOCUMENTATION_COMMENTS = YES;
				CLANG_WARN_EMPTY_BODY = YES;
				CLANG_WARN_ENUM_CONVERSION = YES;
				CLANG_WARN_INFINITE_RECURSION = YES;
				CLANG_WARN_INT_CONVERSION = YES;
				CLANG_WARN_NON_LITERAL_NULL_CONVERSION = YES;
				CLANG_WARN_OBJC_IMPLICIT_RETAIN_SELF = YES;
				CLANG_WARN_OBJC_LITERAL_CONVERSION = YES;
				CLANG_WARN_OBJC_ROOT_CLASS = YES_ERROR;
				CLANG_WARN_QUOTED_INCLUDE_IN_FRAMEWORK_HEADER = YES;
				CLANG_WARN_RANGE_LOOP_ANALYSIS = YES;
				CLANG_WARN_STRICT_PROTOTYPES = YES;
				CLANG_WARN_SUSPICIOUS_MOVE = YES;
				CLANG_WARN_UNGUARDED_AVAILABILITY = YES_AGGRESSIVE;
				CLANG_WARN_UNREACHABLE_CODE = YES;
				CLANG_WARN__DUPLICATE_METHOD_MATCH = YES;
				COPY_PHASE_STRIP = NO;
				DEBUG_INFORMATION_FORMAT = "dwarf-with-dsym";
				ENABLE_NS_ASSERTIONS = NO;
				ENABLE_STRICT_OBJC_MSGSEND = YES;
				GCC_C_LANGUAGE_STANDARD = gnu11;
				GCC_NO_COMMON_BLOCKS = YES;
				GCC_WARN_64_TO_32_BIT_CONVERSION = YES;
				GCC_WARN_ABOUT_RETURN_TYPE = YES_ERROR;
				GCC_WARN_UNDECLARED_SELECTOR = YES;
				GCC_WARN_UNINITIALIZED_AUTOS = YES_AGGRESSIVE;
				GCC_WARN_UNUSED_FUNCTION = YES;
				GCC_WARN_UNUSED_VARIABLE = YES;
				IPHONEOS_DEPLOYMENT_TARGET = 16.0;
				MTL_ENABLE_DEBUG_INFO = NO;
				MTL_FAST_MATH = YES;
				SDKROOT = iphoneos;
				SWIFT_COMPILATION_MODE = wholemodule;
				SWIFT_OPTIMIZATION_LEVEL = "-O";
				VALIDATE_PRODUCT = YES;
			};
			name = Release;
		};
		F0CC3FF229DEA48000BD5B51 /* Debug */ = {
			isa = XCBuildConfiguration;
			buildSettings = {
				ASSETCATALOG_COMPILER_APPICON_NAME = AppIcon;
				ASSETCATALOG_COMPILER_GLOBAL_ACCENT_COLOR_NAME = AccentColor;
				CODE_SIGN_ENTITLEMENTS = CoffeePensieve/CoffeePensieve.entitlements;
				CODE_SIGN_STYLE = Automatic;
				CURRENT_PROJECT_VERSION = 1;
				DEBUG_INFORMATION_FORMAT = "dwarf-with-dsym";
				DEVELOPMENT_TEAM = VMTM6Y63VB;
				GENERATE_INFOPLIST_FILE = YES;
				INFOPLIST_FILE = CoffeePensieve/Info.plist;
				INFOPLIST_KEY_UIApplicationSupportsIndirectInputEvents = YES;
				INFOPLIST_KEY_UILaunchStoryboardName = LaunchScreen;
				INFOPLIST_KEY_UIMainStoryboardFile = Main;
				INFOPLIST_KEY_UIRequiresFullScreen = YES;
				INFOPLIST_KEY_UISupportedInterfaceOrientations = UIInterfaceOrientationPortrait;
				IPHONEOS_DEPLOYMENT_TARGET = 16.1;
				LD_RUNPATH_SEARCH_PATHS = (
					"$(inherited)",
					"@executable_path/Frameworks",
				);
				MARKETING_VERSION = 1.0.1;
				PRODUCT_BUNDLE_IDENTIFIER = com.carminido.CoffeePensieve;
				PRODUCT_NAME = "Coffee Pensieve";
				SWIFT_EMIT_LOC_STRINGS = YES;
				SWIFT_VERSION = 5.0;
				TARGETED_DEVICE_FAMILY = "1,2";
			};
			name = Debug;
		};
		F0CC3FF329DEA48000BD5B51 /* Release */ = {
			isa = XCBuildConfiguration;
			buildSettings = {
				ASSETCATALOG_COMPILER_APPICON_NAME = AppIcon;
				ASSETCATALOG_COMPILER_GLOBAL_ACCENT_COLOR_NAME = AccentColor;
				CODE_SIGN_ENTITLEMENTS = CoffeePensieve/CoffeePensieve.entitlements;
				CODE_SIGN_STYLE = Automatic;
				CURRENT_PROJECT_VERSION = 1;
				DEBUG_INFORMATION_FORMAT = "dwarf-with-dsym";
				DEVELOPMENT_TEAM = VMTM6Y63VB;
				GENERATE_INFOPLIST_FILE = YES;
				INFOPLIST_FILE = CoffeePensieve/Info.plist;
				INFOPLIST_KEY_UIApplicationSupportsIndirectInputEvents = YES;
				INFOPLIST_KEY_UILaunchStoryboardName = LaunchScreen;
				INFOPLIST_KEY_UIMainStoryboardFile = Main;
				INFOPLIST_KEY_UIRequiresFullScreen = YES;
				INFOPLIST_KEY_UISupportedInterfaceOrientations = UIInterfaceOrientationPortrait;
				IPHONEOS_DEPLOYMENT_TARGET = 16.1;
				LD_RUNPATH_SEARCH_PATHS = (
					"$(inherited)",
					"@executable_path/Frameworks",
				);
				MARKETING_VERSION = 1.0.1;
				PRODUCT_BUNDLE_IDENTIFIER = com.carminido.CoffeePensieve;
				PRODUCT_NAME = "Coffee Pensieve";
				SWIFT_EMIT_LOC_STRINGS = YES;
				SWIFT_VERSION = 5.0;
				TARGETED_DEVICE_FAMILY = "1,2";
			};
			name = Release;
		};
/* End XCBuildConfiguration section */

/* Begin XCConfigurationList section */
		F0CC3FD529DEA47C00BD5B51 /* Build configuration list for PBXProject "CoffeePensieve" */ = {
			isa = XCConfigurationList;
			buildConfigurations = (
				F0CC3FEF29DEA48000BD5B51 /* Debug */,
				F0CC3FF029DEA48000BD5B51 /* Release */,
			);
			defaultConfigurationIsVisible = 0;
			defaultConfigurationName = Release;
		};
		F0CC3FF129DEA48000BD5B51 /* Build configuration list for PBXNativeTarget "CoffeePensieve" */ = {
			isa = XCConfigurationList;
			buildConfigurations = (
				F0CC3FF229DEA48000BD5B51 /* Debug */,
				F0CC3FF329DEA48000BD5B51 /* Release */,
			);
			defaultConfigurationIsVisible = 0;
			defaultConfigurationName = Release;
		};
/* End XCConfigurationList section */

/* Begin XCRemoteSwiftPackageReference section */
		F09E02E729FD43F40008C259 /* XCRemoteSwiftPackageReference "GoogleSignIn-iOS" */ = {
			isa = XCRemoteSwiftPackageReference;
			repositoryURL = "https://github.com/google/GoogleSignIn-iOS";
			requirement = {
				kind = upToNextMajorVersion;
				minimumVersion = 7.0.0;
			};
		};
		F09E02EE29FE924E0008C259 /* XCRemoteSwiftPackageReference "firebase-ios-sdk" */ = {
			isa = XCRemoteSwiftPackageReference;
			repositoryURL = "https://github.com/firebase/firebase-ios-sdk";
			requirement = {
				kind = upToNextMajorVersion;
				minimumVersion = 10.0.0;
			};
		};
/* End XCRemoteSwiftPackageReference section */

/* Begin XCSwiftPackageProductDependency section */
		F09E02E829FD43F40008C259 /* GoogleSignIn */ = {
			isa = XCSwiftPackageProductDependency;
			package = F09E02E729FD43F40008C259 /* XCRemoteSwiftPackageReference "GoogleSignIn-iOS" */;
			productName = GoogleSignIn;
		};
		F09E02EF29FE924E0008C259 /* FirebaseAnalytics */ = {
			isa = XCSwiftPackageProductDependency;
			package = F09E02EE29FE924E0008C259 /* XCRemoteSwiftPackageReference "firebase-ios-sdk" */;
			productName = FirebaseAnalytics;
		};
		F09E02F129FE924E0008C259 /* FirebaseAnalyticsSwift */ = {
			isa = XCSwiftPackageProductDependency;
			package = F09E02EE29FE924E0008C259 /* XCRemoteSwiftPackageReference "firebase-ios-sdk" */;
			productName = FirebaseAnalyticsSwift;
		};
		F09E02F329FE924F0008C259 /* FirebaseAnalyticsWithoutAdIdSupport */ = {
			isa = XCSwiftPackageProductDependency;
			package = F09E02EE29FE924E0008C259 /* XCRemoteSwiftPackageReference "firebase-ios-sdk" */;
			productName = FirebaseAnalyticsWithoutAdIdSupport;
		};
		F09E02F529FE924F0008C259 /* FirebaseAuth */ = {
			isa = XCSwiftPackageProductDependency;
			package = F09E02EE29FE924E0008C259 /* XCRemoteSwiftPackageReference "firebase-ios-sdk" */;
			productName = FirebaseAuth;
		};
		F09E02F729FE924F0008C259 /* FirebaseCrashlytics */ = {
			isa = XCSwiftPackageProductDependency;
			package = F09E02EE29FE924E0008C259 /* XCRemoteSwiftPackageReference "firebase-ios-sdk" */;
			productName = FirebaseCrashlytics;
		};
		F09E02F929FE92500008C259 /* FirebaseDynamicLinks */ = {
			isa = XCSwiftPackageProductDependency;
			package = F09E02EE29FE924E0008C259 /* XCRemoteSwiftPackageReference "firebase-ios-sdk" */;
			productName = FirebaseDynamicLinks;
		};
		F09E02FB29FE92500008C259 /* FirebaseFirestore */ = {
			isa = XCSwiftPackageProductDependency;
			package = F09E02EE29FE924E0008C259 /* XCRemoteSwiftPackageReference "firebase-ios-sdk" */;
			productName = FirebaseFirestore;
		};
		F09E02FD29FE92510008C259 /* FirebaseFirestoreSwift */ = {
			isa = XCSwiftPackageProductDependency;
			package = F09E02EE29FE924E0008C259 /* XCRemoteSwiftPackageReference "firebase-ios-sdk" */;
			productName = FirebaseFirestoreSwift;
		};
		F09E02FF29FE92510008C259 /* FirebaseInAppMessaging-Beta */ = {
			isa = XCSwiftPackageProductDependency;
			package = F09E02EE29FE924E0008C259 /* XCRemoteSwiftPackageReference "firebase-ios-sdk" */;
			productName = "FirebaseInAppMessaging-Beta";
		};
		F09E030129FE92520008C259 /* FirebaseInAppMessagingSwift-Beta */ = {
			isa = XCSwiftPackageProductDependency;
			package = F09E02EE29FE924E0008C259 /* XCRemoteSwiftPackageReference "firebase-ios-sdk" */;
			productName = "FirebaseInAppMessagingSwift-Beta";
		};
		F09E030329FE92520008C259 /* FirebaseMessaging */ = {
			isa = XCSwiftPackageProductDependency;
			package = F09E02EE29FE924E0008C259 /* XCRemoteSwiftPackageReference "firebase-ios-sdk" */;
			productName = FirebaseMessaging;
		};
/* End XCSwiftPackageProductDependency section */

/* Begin XCVersionGroup section */
		F0CC3FE629DEA47D00BD5B51 /* CoffeePensieve.xcdatamodeld */ = {
			isa = XCVersionGroup;
			children = (
				F0CC3FE729DEA47D00BD5B51 /* CoffeePensieve.xcdatamodel */,
			);
			currentVersion = F0CC3FE729DEA47D00BD5B51 /* CoffeePensieve.xcdatamodel */;
			path = CoffeePensieve.xcdatamodeld;
			sourceTree = "<group>";
			versionGroupType = wrapper.xcdatamodel;
		};
/* End XCVersionGroup section */
	};
	rootObject = F0CC3FD229DEA47C00BD5B51 /* Project object */;
}
