// !$*UTF8*$!
{
	archiveVersion = 1;
	classes = {
	};
	objectVersion = 56;
	objects = {

/* Begin PBXBuildFile section */
		F0A1A13C29E15D86000F6277 /* SignUpViewController.swift in Sources */ = {isa = PBXBuildFile; fileRef = F0A1A13B29E15D86000F6277 /* SignUpViewController.swift */; };
		F0A1A13E29E15FBB000F6277 /* OnboardingViewController.swift in Sources */ = {isa = PBXBuildFile; fileRef = F0A1A13D29E15FBB000F6277 /* OnboardingViewController.swift */; };
		F0B15C2F29E287F700E4F9BC /* LogInViewController.swift in Sources */ = {isa = PBXBuildFile; fileRef = F0B15C2E29E287F700E4F9BC /* LogInViewController.swift */; };
		F0B15C3129E2892900E4F9BC /* colors.swift in Sources */ = {isa = PBXBuildFile; fileRef = F0B15C3029E2892900E4F9BC /* colors.swift */; };
		F0CC3FDE29DEA47D00BD5B51 /* AppDelegate.swift in Sources */ = {isa = PBXBuildFile; fileRef = F0CC3FDD29DEA47D00BD5B51 /* AppDelegate.swift */; };
		F0CC3FE029DEA47D00BD5B51 /* SceneDelegate.swift in Sources */ = {isa = PBXBuildFile; fileRef = F0CC3FDF29DEA47D00BD5B51 /* SceneDelegate.swift */; };
		F0CC3FE229DEA47D00BD5B51 /* ViewController.swift in Sources */ = {isa = PBXBuildFile; fileRef = F0CC3FE129DEA47D00BD5B51 /* ViewController.swift */; };
		F0CC3FE529DEA47D00BD5B51 /* Main.storyboard in Resources */ = {isa = PBXBuildFile; fileRef = F0CC3FE329DEA47D00BD5B51 /* Main.storyboard */; };
		F0CC3FE829DEA47D00BD5B51 /* CoffeePensieve.xcdatamodeld in Sources */ = {isa = PBXBuildFile; fileRef = F0CC3FE629DEA47D00BD5B51 /* CoffeePensieve.xcdatamodeld */; };
		F0CC3FEA29DEA48000BD5B51 /* Assets.xcassets in Resources */ = {isa = PBXBuildFile; fileRef = F0CC3FE929DEA48000BD5B51 /* Assets.xcassets */; };
		F0CC3FED29DEA48000BD5B51 /* LaunchScreen.storyboard in Resources */ = {isa = PBXBuildFile; fileRef = F0CC3FEB29DEA48000BD5B51 /* LaunchScreen.storyboard */; };
		F0CC3FF629DEB39100BD5B51 /* Montserrat-Bold.ttf in Resources */ = {isa = PBXBuildFile; fileRef = F0CC3FF529DEB39100BD5B51 /* Montserrat-Bold.ttf */; };
		F0CC3FF829DEB39A00BD5B51 /* Montserrat-Medium.ttf in Resources */ = {isa = PBXBuildFile; fileRef = F0CC3FF729DEB39A00BD5B51 /* Montserrat-Medium.ttf */; };
		F0CC3FFA29DEB3A200BD5B51 /* Montserrat-Regular.ttf in Resources */ = {isa = PBXBuildFile; fileRef = F0CC3FF929DEB3A200BD5B51 /* Montserrat-Regular.ttf */; };
		F0CC3FFC29DEB3A900BD5B51 /* Montserrat-SemiBold.ttf in Resources */ = {isa = PBXBuildFile; fileRef = F0CC3FFB29DEB3A900BD5B51 /* Montserrat-SemiBold.ttf */; };
		F0CC3FFE29DEB3B300BD5B51 /* Montserrat-ExtraBold.ttf in Resources */ = {isa = PBXBuildFile; fileRef = F0CC3FFD29DEB3B300BD5B51 /* Montserrat-ExtraBold.ttf */; };
		F0CC400029DEB3C000BD5B51 /* Montserrat-ExtraLight.ttf in Resources */ = {isa = PBXBuildFile; fileRef = F0CC3FFF29DEB3C000BD5B51 /* Montserrat-ExtraLight.ttf */; };
		F0F6E49E29E1AC9B00C520CE /* StartPointViewController.swift in Sources */ = {isa = PBXBuildFile; fileRef = F0F6E49D29E1AC9B00C520CE /* StartPointViewController.swift */; };
/* End PBXBuildFile section */

/* Begin PBXFileReference section */
		F0A1A13B29E15D86000F6277 /* SignUpViewController.swift */ = {isa = PBXFileReference; lastKnownFileType = sourcecode.swift; path = SignUpViewController.swift; sourceTree = "<group>"; };
		F0A1A13D29E15FBB000F6277 /* OnboardingViewController.swift */ = {isa = PBXFileReference; lastKnownFileType = sourcecode.swift; path = OnboardingViewController.swift; sourceTree = "<group>"; };
		F0B15C2E29E287F700E4F9BC /* LogInViewController.swift */ = {isa = PBXFileReference; lastKnownFileType = sourcecode.swift; path = LogInViewController.swift; sourceTree = "<group>"; };
		F0B15C3029E2892900E4F9BC /* colors.swift */ = {isa = PBXFileReference; lastKnownFileType = sourcecode.swift; path = colors.swift; sourceTree = "<group>"; };
		F0CC3FDA29DEA47D00BD5B51 /* CoffeePensieve.app */ = {isa = PBXFileReference; explicitFileType = wrapper.application; includeInIndex = 0; path = CoffeePensieve.app; sourceTree = BUILT_PRODUCTS_DIR; };
		F0CC3FDD29DEA47D00BD5B51 /* AppDelegate.swift */ = {isa = PBXFileReference; lastKnownFileType = sourcecode.swift; path = AppDelegate.swift; sourceTree = "<group>"; };
		F0CC3FDF29DEA47D00BD5B51 /* SceneDelegate.swift */ = {isa = PBXFileReference; lastKnownFileType = sourcecode.swift; path = SceneDelegate.swift; sourceTree = "<group>"; };
		F0CC3FE129DEA47D00BD5B51 /* ViewController.swift */ = {isa = PBXFileReference; lastKnownFileType = sourcecode.swift; path = ViewController.swift; sourceTree = "<group>"; };
		F0CC3FE429DEA47D00BD5B51 /* Base */ = {isa = PBXFileReference; lastKnownFileType = file.storyboard; name = Base; path = Base.lproj/Main.storyboard; sourceTree = "<group>"; };
		F0CC3FE729DEA47D00BD5B51 /* CoffeePensieve.xcdatamodel */ = {isa = PBXFileReference; lastKnownFileType = wrapper.xcdatamodel; path = CoffeePensieve.xcdatamodel; sourceTree = "<group>"; };
		F0CC3FE929DEA48000BD5B51 /* Assets.xcassets */ = {isa = PBXFileReference; lastKnownFileType = folder.assetcatalog; path = Assets.xcassets; sourceTree = "<group>"; };
		F0CC3FEC29DEA48000BD5B51 /* Base */ = {isa = PBXFileReference; lastKnownFileType = file.storyboard; name = Base; path = Base.lproj/LaunchScreen.storyboard; sourceTree = "<group>"; };
		F0CC3FEE29DEA48000BD5B51 /* Info.plist */ = {isa = PBXFileReference; lastKnownFileType = text.plist.xml; path = Info.plist; sourceTree = "<group>"; };
		F0CC3FF529DEB39100BD5B51 /* Montserrat-Bold.ttf */ = {isa = PBXFileReference; lastKnownFileType = file; name = "Montserrat-Bold.ttf"; path = "../../../../../Downloads/Montserrat/static/Montserrat-Bold.ttf"; sourceTree = "<group>"; };
		F0CC3FF729DEB39A00BD5B51 /* Montserrat-Medium.ttf */ = {isa = PBXFileReference; lastKnownFileType = file; name = "Montserrat-Medium.ttf"; path = "../../../../../Downloads/Montserrat/static/Montserrat-Medium.ttf"; sourceTree = "<group>"; };
		F0CC3FF929DEB3A200BD5B51 /* Montserrat-Regular.ttf */ = {isa = PBXFileReference; lastKnownFileType = file; name = "Montserrat-Regular.ttf"; path = "../../../../../Downloads/Montserrat/static/Montserrat-Regular.ttf"; sourceTree = "<group>"; };
		F0CC3FFB29DEB3A900BD5B51 /* Montserrat-SemiBold.ttf */ = {isa = PBXFileReference; lastKnownFileType = file; name = "Montserrat-SemiBold.ttf"; path = "../../../../../Downloads/Montserrat/static/Montserrat-SemiBold.ttf"; sourceTree = "<group>"; };
		F0CC3FFD29DEB3B300BD5B51 /* Montserrat-ExtraBold.ttf */ = {isa = PBXFileReference; lastKnownFileType = file; name = "Montserrat-ExtraBold.ttf"; path = "../../../../../Downloads/Montserrat/static/Montserrat-ExtraBold.ttf"; sourceTree = "<group>"; };
		F0CC3FFF29DEB3C000BD5B51 /* Montserrat-ExtraLight.ttf */ = {isa = PBXFileReference; lastKnownFileType = file; name = "Montserrat-ExtraLight.ttf"; path = "../../../../../Downloads/Montserrat/static/Montserrat-ExtraLight.ttf"; sourceTree = "<group>"; };
		F0F6E49D29E1AC9B00C520CE /* StartPointViewController.swift */ = {isa = PBXFileReference; lastKnownFileType = sourcecode.swift; path = StartPointViewController.swift; sourceTree = "<group>"; };
/* End PBXFileReference section */

/* Begin PBXFrameworksBuildPhase section */
		F0CC3FD729DEA47D00BD5B51 /* Frameworks */ = {
			isa = PBXFrameworksBuildPhase;
			buildActionMask = 2147483647;
			files = (
			);
			runOnlyForDeploymentPostprocessing = 0;
		};
/* End PBXFrameworksBuildPhase section */

/* Begin PBXGroup section */
		F0B15C3229E5543D00E4F9BC /* Models */ = {
			isa = PBXGroup;
			children = (
			);
			path = Models;
			sourceTree = "<group>";
		};
		F0B15C3329E5544700E4F9BC /* Views */ = {
			isa = PBXGroup;
			children = (
			);
			path = Views;
			sourceTree = "<group>";
		};
		F0B15C3429E5545100E4F9BC /* Controllers */ = {
			isa = PBXGroup;
			children = (
				F0CC3FE129DEA47D00BD5B51 /* ViewController.swift */,
				F0B15C2E29E287F700E4F9BC /* LogInViewController.swift */,
				F0A1A13D29E15FBB000F6277 /* OnboardingViewController.swift */,
				F0A1A13B29E15D86000F6277 /* SignUpViewController.swift */,
				F0F6E49D29E1AC9B00C520CE /* StartPointViewController.swift */,
			);
			path = Controllers;
			sourceTree = "<group>";
		};
		F0CC3FD129DEA47C00BD5B51 = {
			isa = PBXGroup;
			children = (
				F0CC3FDC29DEA47D00BD5B51 /* CoffeePensieve */,
				F0CC3FDB29DEA47D00BD5B51 /* Products */,
			);
			sourceTree = "<group>";
		};
		F0CC3FDB29DEA47D00BD5B51 /* Products */ = {
			isa = PBXGroup;
			children = (
				F0CC3FDA29DEA47D00BD5B51 /* CoffeePensieve.app */,
			);
			name = Products;
			sourceTree = "<group>";
		};
		F0CC3FDC29DEA47D00BD5B51 /* CoffeePensieve */ = {
			isa = PBXGroup;
			children = (
				F0CC3FDD29DEA47D00BD5B51 /* AppDelegate.swift */,
				F0CC3FDF29DEA47D00BD5B51 /* SceneDelegate.swift */,
				F0B15C3229E5543D00E4F9BC /* Models */,
				F0B15C3329E5544700E4F9BC /* Views */,
				F0B15C3429E5545100E4F9BC /* Controllers */,
				F0CC3FE929DEA48000BD5B51 /* Assets.xcassets */,
				F0CC3FE329DEA47D00BD5B51 /* Main.storyboard */,
				F0CC3FEB29DEA48000BD5B51 /* LaunchScreen.storyboard */,
				F0CC3FEE29DEA48000BD5B51 /* Info.plist */,
				F0CC3FE629DEA47D00BD5B51 /* CoffeePensieve.xcdatamodeld */,
				F0CC3FF429DEB36600BD5B51 /* Font */,
				F0B15C3029E2892900E4F9BC /* colors.swift */,
			);
			path = CoffeePensieve;
			sourceTree = "<group>";
		};
		F0CC3FF429DEB36600BD5B51 /* Font */ = {
			isa = PBXGroup;
			children = (
				F0CC3FFD29DEB3B300BD5B51 /* Montserrat-ExtraBold.ttf */,
				F0CC3FFF29DEB3C000BD5B51 /* Montserrat-ExtraLight.ttf */,
				F0CC3FFB29DEB3A900BD5B51 /* Montserrat-SemiBold.ttf */,
				F0CC3FF729DEB39A00BD5B51 /* Montserrat-Medium.ttf */,
				F0CC3FF929DEB3A200BD5B51 /* Montserrat-Regular.ttf */,
				F0CC3FF529DEB39100BD5B51 /* Montserrat-Bold.ttf */,
			);
			path = Font;
			sourceTree = "<group>";
		};
/* End PBXGroup section */

/* Begin PBXNativeTarget section */
		F0CC3FD929DEA47D00BD5B51 /* CoffeePensieve */ = {
			isa = PBXNativeTarget;
			buildConfigurationList = F0CC3FF129DEA48000BD5B51 /* Build configuration list for PBXNativeTarget "CoffeePensieve" */;
			buildPhases = (
				F0CC3FD629DEA47D00BD5B51 /* Sources */,
				F0CC3FD729DEA47D00BD5B51 /* Frameworks */,
				F0CC3FD829DEA47D00BD5B51 /* Resources */,
			);
			buildRules = (
			);
			dependencies = (
			);
			name = CoffeePensieve;
			productName = CoffeePensieve;
			productReference = F0CC3FDA29DEA47D00BD5B51 /* CoffeePensieve.app */;
			productType = "com.apple.product-type.application";
		};
/* End PBXNativeTarget section */

/* Begin PBXProject section */
		F0CC3FD229DEA47C00BD5B51 /* Project object */ = {
			isa = PBXProject;
			attributes = {
				BuildIndependentTargetsInParallel = 1;
				LastSwiftUpdateCheck = 1430;
				LastUpgradeCheck = 1430;
				TargetAttributes = {
					F0CC3FD929DEA47D00BD5B51 = {
						CreatedOnToolsVersion = 14.3;
					};
				};
			};
			buildConfigurationList = F0CC3FD529DEA47C00BD5B51 /* Build configuration list for PBXProject "CoffeePensieve" */;
			compatibilityVersion = "Xcode 14.0";
			developmentRegion = en;
			hasScannedForEncodings = 0;
			knownRegions = (
				en,
				Base,
			);
			mainGroup = F0CC3FD129DEA47C00BD5B51;
			productRefGroup = F0CC3FDB29DEA47D00BD5B51 /* Products */;
			projectDirPath = "";
			projectRoot = "";
			targets = (
				F0CC3FD929DEA47D00BD5B51 /* CoffeePensieve */,
			);
		};
/* End PBXProject section */

/* Begin PBXResourcesBuildPhase section */
		F0CC3FD829DEA47D00BD5B51 /* Resources */ = {
			isa = PBXResourcesBuildPhase;
			buildActionMask = 2147483647;
			files = (
				F0CC3FFA29DEB3A200BD5B51 /* Montserrat-Regular.ttf in Resources */,
				F0CC3FF629DEB39100BD5B51 /* Montserrat-Bold.ttf in Resources */,
				F0CC3FF829DEB39A00BD5B51 /* Montserrat-Medium.ttf in Resources */,
				F0CC3FFC29DEB3A900BD5B51 /* Montserrat-SemiBold.ttf in Resources */,
				F0CC400029DEB3C000BD5B51 /* Montserrat-ExtraLight.ttf in Resources */,
				F0CC3FED29DEA48000BD5B51 /* LaunchScreen.storyboard in Resources */,
				F0CC3FFE29DEB3B300BD5B51 /* Montserrat-ExtraBold.ttf in Resources */,
				F0CC3FEA29DEA48000BD5B51 /* Assets.xcassets in Resources */,
				F0CC3FE529DEA47D00BD5B51 /* Main.storyboard in Resources */,
			);
			runOnlyForDeploymentPostprocessing = 0;
		};
/* End PBXResourcesBuildPhase section */

/* Begin PBXSourcesBuildPhase section */
		F0CC3FD629DEA47D00BD5B51 /* Sources */ = {
			isa = PBXSourcesBuildPhase;
			buildActionMask = 2147483647;
			files = (
				F0CC3FE229DEA47D00BD5B51 /* ViewController.swift in Sources */,
				F0A1A13E29E15FBB000F6277 /* OnboardingViewController.swift in Sources */,
				F0F6E49E29E1AC9B00C520CE /* StartPointViewController.swift in Sources */,
				F0CC3FDE29DEA47D00BD5B51 /* AppDelegate.swift in Sources */,
				F0B15C2F29E287F700E4F9BC /* LogInViewController.swift in Sources */,
				F0CC3FE829DEA47D00BD5B51 /* CoffeePensieve.xcdatamodeld in Sources */,
				F0CC3FE029DEA47D00BD5B51 /* SceneDelegate.swift in Sources */,
				F0B15C3129E2892900E4F9BC /* colors.swift in Sources */,
				F0A1A13C29E15D86000F6277 /* SignUpViewController.swift in Sources */,
			);
			runOnlyForDeploymentPostprocessing = 0;
		};
/* End PBXSourcesBuildPhase section */

/* Begin PBXVariantGroup section */
		F0CC3FE329DEA47D00BD5B51 /* Main.storyboard */ = {
			isa = PBXVariantGroup;
			children = (
				F0CC3FE429DEA47D00BD5B51 /* Base */,
			);
			name = Main.storyboard;
			sourceTree = "<group>";
		};
		F0CC3FEB29DEA48000BD5B51 /* LaunchScreen.storyboard */ = {
			isa = PBXVariantGroup;
			children = (
				F0CC3FEC29DEA48000BD5B51 /* Base */,
			);
			name = LaunchScreen.storyboard;
			sourceTree = "<group>";
		};
/* End PBXVariantGroup section */

/* Begin XCBuildConfiguration section */
		F0CC3FEF29DEA48000BD5B51 /* Debug */ = {
			isa = XCBuildConfiguration;
			buildSettings = {
				ALWAYS_SEARCH_USER_PATHS = NO;
				CLANG_ANALYZER_NONNULL = YES;
				CLANG_ANALYZER_NUMBER_OBJECT_CONVERSION = YES_AGGRESSIVE;
				CLANG_CXX_LANGUAGE_STANDARD = "gnu++20";
				CLANG_ENABLE_MODULES = YES;
				CLANG_ENABLE_OBJC_ARC = YES;
				CLANG_ENABLE_OBJC_WEAK = YES;
				CLANG_WARN_BLOCK_CAPTURE_AUTORELEASING = YES;
				CLANG_WARN_BOOL_CONVERSION = YES;
				CLANG_WARN_COMMA = YES;
				CLANG_WARN_CONSTANT_CONVERSION = YES;
				CLANG_WARN_DEPRECATED_OBJC_IMPLEMENTATIONS = YES;
				CLANG_WARN_DIRECT_OBJC_ISA_USAGE = YES_ERROR;
				CLANG_WARN_DOCUMENTATION_COMMENTS = YES;
				CLANG_WARN_EMPTY_BODY = YES;
				CLANG_WARN_ENUM_CONVERSION = YES;
				CLANG_WARN_INFINITE_RECURSION = YES;
				CLANG_WARN_INT_CONVERSION = YES;
				CLANG_WARN_NON_LITERAL_NULL_CONVERSION = YES;
				CLANG_WARN_OBJC_IMPLICIT_RETAIN_SELF = YES;
				CLANG_WARN_OBJC_LITERAL_CONVERSION = YES;
				CLANG_WARN_OBJC_ROOT_CLASS = YES_ERROR;
				CLANG_WARN_QUOTED_INCLUDE_IN_FRAMEWORK_HEADER = YES;
				CLANG_WARN_RANGE_LOOP_ANALYSIS = YES;
				CLANG_WARN_STRICT_PROTOTYPES = YES;
				CLANG_WARN_SUSPICIOUS_MOVE = YES;
				CLANG_WARN_UNGUARDED_AVAILABILITY = YES_AGGRESSIVE;
				CLANG_WARN_UNREACHABLE_CODE = YES;
				CLANG_WARN__DUPLICATE_METHOD_MATCH = YES;
				COPY_PHASE_STRIP = NO;
				DEBUG_INFORMATION_FORMAT = dwarf;
				ENABLE_STRICT_OBJC_MSGSEND = YES;
				ENABLE_TESTABILITY = YES;
				GCC_C_LANGUAGE_STANDARD = gnu11;
				GCC_DYNAMIC_NO_PIC = NO;
				GCC_NO_COMMON_BLOCKS = YES;
				GCC_OPTIMIZATION_LEVEL = 0;
				GCC_PREPROCESSOR_DEFINITIONS = (
					"DEBUG=1",
					"$(inherited)",
				);
				GCC_WARN_64_TO_32_BIT_CONVERSION = YES;
				GCC_WARN_ABOUT_RETURN_TYPE = YES_ERROR;
				GCC_WARN_UNDECLARED_SELECTOR = YES;
				GCC_WARN_UNINITIALIZED_AUTOS = YES_AGGRESSIVE;
				GCC_WARN_UNUSED_FUNCTION = YES;
				GCC_WARN_UNUSED_VARIABLE = YES;
				IPHONEOS_DEPLOYMENT_TARGET = 16.4;
				MTL_ENABLE_DEBUG_INFO = INCLUDE_SOURCE;
				MTL_FAST_MATH = YES;
				ONLY_ACTIVE_ARCH = YES;
				SDKROOT = iphoneos;
				SWIFT_ACTIVE_COMPILATION_CONDITIONS = DEBUG;
				SWIFT_OPTIMIZATION_LEVEL = "-Onone";
			};
			name = Debug;
		};
		F0CC3FF029DEA48000BD5B51 /* Release */ = {
			isa = XCBuildConfiguration;
			buildSettings = {
				ALWAYS_SEARCH_USER_PATHS = NO;
				CLANG_ANALYZER_NONNULL = YES;
				CLANG_ANALYZER_NUMBER_OBJECT_CONVERSION = YES_AGGRESSIVE;
				CLANG_CXX_LANGUAGE_STANDARD = "gnu++20";
				CLANG_ENABLE_MODULES = YES;
				CLANG_ENABLE_OBJC_ARC = YES;
				CLANG_ENABLE_OBJC_WEAK = YES;
				CLANG_WARN_BLOCK_CAPTURE_AUTORELEASING = YES;
				CLANG_WARN_BOOL_CONVERSION = YES;
				CLANG_WARN_COMMA = YES;
				CLANG_WARN_CONSTANT_CONVERSION = YES;
				CLANG_WARN_DEPRECATED_OBJC_IMPLEMENTATIONS = YES;
				CLANG_WARN_DIRECT_OBJC_ISA_USAGE = YES_ERROR;
				CLANG_WARN_DOCUMENTATION_COMMENTS = YES;
				CLANG_WARN_EMPTY_BODY = YES;
				CLANG_WARN_ENUM_CONVERSION = YES;
				CLANG_WARN_INFINITE_RECURSION = YES;
				CLANG_WARN_INT_CONVERSION = YES;
				CLANG_WARN_NON_LITERAL_NULL_CONVERSION = YES;
				CLANG_WARN_OBJC_IMPLICIT_RETAIN_SELF = YES;
				CLANG_WARN_OBJC_LITERAL_CONVERSION = YES;
				CLANG_WARN_OBJC_ROOT_CLASS = YES_ERROR;
				CLANG_WARN_QUOTED_INCLUDE_IN_FRAMEWORK_HEADER = YES;
				CLANG_WARN_RANGE_LOOP_ANALYSIS = YES;
				CLANG_WARN_STRICT_PROTOTYPES = YES;
				CLANG_WARN_SUSPICIOUS_MOVE = YES;
				CLANG_WARN_UNGUARDED_AVAILABILITY = YES_AGGRESSIVE;
				CLANG_WARN_UNREACHABLE_CODE = YES;
				CLANG_WARN__DUPLICATE_METHOD_MATCH = YES;
				COPY_PHASE_STRIP = NO;
				DEBUG_INFORMATION_FORMAT = "dwarf-with-dsym";
				ENABLE_NS_ASSERTIONS = NO;
				ENABLE_STRICT_OBJC_MSGSEND = YES;
				GCC_C_LANGUAGE_STANDARD = gnu11;
				GCC_NO_COMMON_BLOCKS = YES;
				GCC_WARN_64_TO_32_BIT_CONVERSION = YES;
				GCC_WARN_ABOUT_RETURN_TYPE = YES_ERROR;
				GCC_WARN_UNDECLARED_SELECTOR = YES;
				GCC_WARN_UNINITIALIZED_AUTOS = YES_AGGRESSIVE;
				GCC_WARN_UNUSED_FUNCTION = YES;
				GCC_WARN_UNUSED_VARIABLE = YES;
				IPHONEOS_DEPLOYMENT_TARGET = 16.4;
				MTL_ENABLE_DEBUG_INFO = NO;
				MTL_FAST_MATH = YES;
				SDKROOT = iphoneos;
				SWIFT_COMPILATION_MODE = wholemodule;
				SWIFT_OPTIMIZATION_LEVEL = "-O";
				VALIDATE_PRODUCT = YES;
			};
			name = Release;
		};
		F0CC3FF229DEA48000BD5B51 /* Debug */ = {
			isa = XCBuildConfiguration;
			buildSettings = {
				ASSETCATALOG_COMPILER_APPICON_NAME = AppIcon;
				ASSETCATALOG_COMPILER_GLOBAL_ACCENT_COLOR_NAME = AccentColor;
				CODE_SIGN_STYLE = Automatic;
				CURRENT_PROJECT_VERSION = 1;
				GENERATE_INFOPLIST_FILE = YES;
				INFOPLIST_FILE = CoffeePensieve/Info.plist;
				INFOPLIST_KEY_UIApplicationSupportsIndirectInputEvents = YES;
				INFOPLIST_KEY_UILaunchStoryboardName = LaunchScreen;
				INFOPLIST_KEY_UIMainStoryboardFile = Main;
				INFOPLIST_KEY_UISupportedInterfaceOrientations = UIInterfaceOrientationPortrait;
				IPHONEOS_DEPLOYMENT_TARGET = 15.0;
				LD_RUNPATH_SEARCH_PATHS = (
					"$(inherited)",
					"@executable_path/Frameworks",
				);
				MARKETING_VERSION = 1.0;
				PRODUCT_BUNDLE_IDENTIFIER = com.carminido.CoffeePensieve;
				PRODUCT_NAME = "$(TARGET_NAME)";
				SWIFT_EMIT_LOC_STRINGS = YES;
				SWIFT_VERSION = 5.0;
				TARGETED_DEVICE_FAMILY = "1,2";
			};
			name = Debug;
		};
		F0CC3FF329DEA48000BD5B51 /* Release */ = {
			isa = XCBuildConfiguration;
			buildSettings = {
				ASSETCATALOG_COMPILER_APPICON_NAME = AppIcon;
				ASSETCATALOG_COMPILER_GLOBAL_ACCENT_COLOR_NAME = AccentColor;
				CODE_SIGN_STYLE = Automatic;
				CURRENT_PROJECT_VERSION = 1;
				GENERATE_INFOPLIST_FILE = YES;
				INFOPLIST_FILE = CoffeePensieve/Info.plist;
				INFOPLIST_KEY_UIApplicationSupportsIndirectInputEvents = YES;
				INFOPLIST_KEY_UILaunchStoryboardName = LaunchScreen;
				INFOPLIST_KEY_UIMainStoryboardFile = Main;
				INFOPLIST_KEY_UISupportedInterfaceOrientations = UIInterfaceOrientationPortrait;
				IPHONEOS_DEPLOYMENT_TARGET = 15.0;
				LD_RUNPATH_SEARCH_PATHS = (
					"$(inherited)",
					"@executable_path/Frameworks",
				);
				MARKETING_VERSION = 1.0;
				PRODUCT_BUNDLE_IDENTIFIER = com.carminido.CoffeePensieve;
				PRODUCT_NAME = "$(TARGET_NAME)";
				SWIFT_EMIT_LOC_STRINGS = YES;
				SWIFT_VERSION = 5.0;
				TARGETED_DEVICE_FAMILY = "1,2";
			};
			name = Release;
		};
/* End XCBuildConfiguration section */

/* Begin XCConfigurationList section */
		F0CC3FD529DEA47C00BD5B51 /* Build configuration list for PBXProject "CoffeePensieve" */ = {
			isa = XCConfigurationList;
			buildConfigurations = (
				F0CC3FEF29DEA48000BD5B51 /* Debug */,
				F0CC3FF029DEA48000BD5B51 /* Release */,
			);
			defaultConfigurationIsVisible = 0;
			defaultConfigurationName = Release;
		};
		F0CC3FF129DEA48000BD5B51 /* Build configuration list for PBXNativeTarget "CoffeePensieve" */ = {
			isa = XCConfigurationList;
			buildConfigurations = (
				F0CC3FF229DEA48000BD5B51 /* Debug */,
				F0CC3FF329DEA48000BD5B51 /* Release */,
			);
			defaultConfigurationIsVisible = 0;
			defaultConfigurationName = Release;
		};
/* End XCConfigurationList section */

/* Begin XCVersionGroup section */
		F0CC3FE629DEA47D00BD5B51 /* CoffeePensieve.xcdatamodeld */ = {
			isa = XCVersionGroup;
			children = (
				F0CC3FE729DEA47D00BD5B51 /* CoffeePensieve.xcdatamodel */,
			);
			currentVersion = F0CC3FE729DEA47D00BD5B51 /* CoffeePensieve.xcdatamodel */;
			path = CoffeePensieve.xcdatamodeld;
			sourceTree = "<group>";
			versionGroupType = wrapper.xcdatamodel;
		};
/* End XCVersionGroup section */
	};
	rootObject = F0CC3FD229DEA47C00BD5B51 /* Project object */;
}
